// !$*UTF8*$!
{
	archiveVersion = 1;
	classes = {
	};
	objectVersion = 46;
	objects = {

/* Begin PBXBuildFile section */
		84C3CA761E23BACE00724BFB /* UIView+Polygone.m in Sources */ = {isa = PBXBuildFile; fileRef = 84C3CA751E23BACE00724BFB /* UIView+Polygone.m */; };
		84E9F4A01DEC950B0038897E /* main.m in Sources */ = {isa = PBXBuildFile; fileRef = 84E9F49F1DEC950B0038897E /* main.m */; };
		84E9F4A31DEC950B0038897E /* AppDelegate.m in Sources */ = {isa = PBXBuildFile; fileRef = 84E9F4A21DEC950B0038897E /* AppDelegate.m */; };
		84E9F4A61DEC950B0038897E /* ViewController.m in Sources */ = {isa = PBXBuildFile; fileRef = 84E9F4A51DEC950B0038897E /* ViewController.m */; };
		84E9F4A91DEC950B0038897E /* Main.storyboard in Resources */ = {isa = PBXBuildFile; fileRef = 84E9F4A71DEC950B0038897E /* Main.storyboard */; };
		84E9F4AB1DEC950B0038897E /* Assets.xcassets in Resources */ = {isa = PBXBuildFile; fileRef = 84E9F4AA1DEC950B0038897E /* Assets.xcassets */; };
		84E9F4AE1DEC950B0038897E /* LaunchScreen.storyboard in Resources */ = {isa = PBXBuildFile; fileRef = 84E9F4AC1DEC950B0038897E /* LaunchScreen.storyboard */; };
		84E9F4B71DEC9B5C0038897E /* PolygonImage.m in Sources */ = {isa = PBXBuildFile; fileRef = 84E9F4B61DEC9B5C0038897E /* PolygonImage.m */; };
/* End PBXBuildFile section */

/* Begin PBXFileReference section */
		84C3CA741E23BACE00724BFB /* UIView+Polygone.h */ = {isa = PBXFileReference; fileEncoding = 4; lastKnownFileType = sourcecode.c.h; path = "UIView+Polygone.h"; sourceTree = "<group>"; };
		84C3CA751E23BACE00724BFB /* UIView+Polygone.m */ = {isa = PBXFileReference; fileEncoding = 4; lastKnownFileType = sourcecode.c.objc; path = "UIView+Polygone.m"; sourceTree = "<group>"; };
		84E9F49B1DEC950B0038897E /* SkewedScroll.app */ = {isa = PBXFileReference; explicitFileType = wrapper.application; includeInIndex = 0; path = SkewedScroll.app; sourceTree = BUILT_PRODUCTS_DIR; };
		84E9F49F1DEC950B0038897E /* main.m */ = {isa = PBXFileReference; lastKnownFileType = sourcecode.c.objc; path = main.m; sourceTree = "<group>"; };
		84E9F4A11DEC950B0038897E /* AppDelegate.h */ = {isa = PBXFileReference; lastKnownFileType = sourcecode.c.h; path = AppDelegate.h; sourceTree = "<group>"; };
		84E9F4A21DEC950B0038897E /* AppDelegate.m */ = {isa = PBXFileReference; lastKnownFileType = sourcecode.c.objc; path = AppDelegate.m; sourceTree = "<group>"; };
		84E9F4A41DEC950B0038897E /* ViewController.h */ = {isa = PBXFileReference; lastKnownFileType = sourcecode.c.h; path = ViewController.h; sourceTree = "<group>"; };
		84E9F4A51DEC950B0038897E /* ViewController.m */ = {isa = PBXFileReference; lastKnownFileType = sourcecode.c.objc; path = ViewController.m; sourceTree = "<group>"; };
		84E9F4A81DEC950B0038897E /* Base */ = {isa = PBXFileReference; lastKnownFileType = file.storyboard; name = Base; path = Base.lproj/Main.storyboard; sourceTree = "<group>"; };
		84E9F4AA1DEC950B0038897E /* Assets.xcassets */ = {isa = PBXFileReference; lastKnownFileType = folder.assetcatalog; path = Assets.xcassets; sourceTree = "<group>"; };
		84E9F4AD1DEC950B0038897E /* Base */ = {isa = PBXFileReference; lastKnownFileType = file.storyboard; name = Base; path = Base.lproj/LaunchScreen.storyboard; sourceTree = "<group>"; };
		84E9F4AF1DEC950B0038897E /* Info.plist */ = {isa = PBXFileReference; lastKnownFileType = text.plist.xml; path = Info.plist; sourceTree = "<group>"; };
		84E9F4B51DEC9B5C0038897E /* PolygonImage.h */ = {isa = PBXFileReference; fileEncoding = 4; lastKnownFileType = sourcecode.c.h; path = PolygonImage.h; sourceTree = "<group>"; };
		84E9F4B61DEC9B5C0038897E /* PolygonImage.m */ = {isa = PBXFileReference; fileEncoding = 4; lastKnownFileType = sourcecode.c.objc; path = PolygonImage.m; sourceTree = "<group>"; };
/* End PBXFileReference section */

/* Begin PBXFrameworksBuildPhase section */
		84E9F4981DEC950B0038897E /* Frameworks */ = {
			isa = PBXFrameworksBuildPhase;
			buildActionMask = 2147483647;
			files = (
			);
			runOnlyForDeploymentPostprocessing = 0;
		};
/* End PBXFrameworksBuildPhase section */

/* Begin PBXGroup section */
		84E9F4921DEC950B0038897E = {
			isa = PBXGroup;
			children = (
				84E9F49D1DEC950B0038897E /* SkewedScroll */,
				84E9F49C1DEC950B0038897E /* Products */,
			);
			sourceTree = "<group>";
		};
		84E9F49C1DEC950B0038897E /* Products */ = {
			isa = PBXGroup;
			children = (
				84E9F49B1DEC950B0038897E /* SkewedScroll.app */,
			);
			name = Products;
			sourceTree = "<group>";
		};
		84E9F49D1DEC950B0038897E /* SkewedScroll */ = {
			isa = PBXGroup;
			children = (
				84E9F4A11DEC950B0038897E /* AppDelegate.h */,
				84E9F4A21DEC950B0038897E /* AppDelegate.m */,
				84E9F4A41DEC950B0038897E /* ViewController.h */,
				84E9F4A51DEC950B0038897E /* ViewController.m */,
				84E9F4A71DEC950B0038897E /* Main.storyboard */,
				84E9F4AA1DEC950B0038897E /* Assets.xcassets */,
				84E9F4AC1DEC950B0038897E /* LaunchScreen.storyboard */,
				84E9F4AF1DEC950B0038897E /* Info.plist */,
				84E9F49E1DEC950B0038897E /* Supporting Files */,
				84E9F4B51DEC9B5C0038897E /* PolygonImage.h */,
				84E9F4B61DEC9B5C0038897E /* PolygonImage.m */,
				84C3CA741E23BACE00724BFB /* UIView+Polygone.h */,
				84C3CA751E23BACE00724BFB /* UIView+Polygone.m */,
			);
			path = SkewedScroll;
			sourceTree = "<group>";
		};
		84E9F49E1DEC950B0038897E /* Supporting Files */ = {
			isa = PBXGroup;
			children = (
				84E9F49F1DEC950B0038897E /* main.m */,
			);
			name = "Supporting Files";
			sourceTree = "<group>";
		};
/* End PBXGroup section */

/* Begin PBXNativeTarget section */
		84E9F49A1DEC950B0038897E /* SkewedScroll */ = {
			isa = PBXNativeTarget;
			buildConfigurationList = 84E9F4B21DEC950B0038897E /* Build configuration list for PBXNativeTarget "SkewedScroll" */;
			buildPhases = (
				84E9F4971DEC950B0038897E /* Sources */,
				84E9F4981DEC950B0038897E /* Frameworks */,
				84E9F4991DEC950B0038897E /* Resources */,
			);
			buildRules = (
			);
			dependencies = (
			);
			name = SkewedScroll;
			productName = SkewedScroll;
			productReference = 84E9F49B1DEC950B0038897E /* SkewedScroll.app */;
			productType = "com.apple.product-type.application";
		};
/* End PBXNativeTarget section */

/* Begin PBXProject section */
		84E9F4931DEC950B0038897E /* Project object */ = {
			isa = PBXProject;
			attributes = {
				LastUpgradeCheck = 0730;
				ORGANIZATIONNAME = Admin;
				TargetAttributes = {
					84E9F49A1DEC950B0038897E = {
						CreatedOnToolsVersion = 7.3.1;
						DevelopmentTeam = 78CXM57KJ4;
					};
				};
			};
			buildConfigurationList = 84E9F4961DEC950B0038897E /* Build configuration list for PBXProject "SkewedScroll" */;
			compatibilityVersion = "Xcode 3.2";
			developmentRegion = English;
			hasScannedForEncodings = 0;
			knownRegions = (
				en,
				Base,
			);
			mainGroup = 84E9F4921DEC950B0038897E;
			productRefGroup = 84E9F49C1DEC950B0038897E /* Products */;
			projectDirPath = "";
			projectRoot = "";
			targets = (
				84E9F49A1DEC950B0038897E /* SkewedScroll */,
			);
		};
/* End PBXProject section */

/* Begin PBXResourcesBuildPhase section */
		84E9F4991DEC950B0038897E /* Resources */ = {
			isa = PBXResourcesBuildPhase;
			buildActionMask = 2147483647;
			files = (
				84E9F4AE1DEC950B0038897E /* LaunchScreen.storyboard in Resources */,
				84E9F4AB1DEC950B0038897E /* Assets.xcassets in Resources */,
				84E9F4A91DEC950B0038897E /* Main.storyboard in Resources */,
			);
			runOnlyForDeploymentPostprocessing = 0;
		};
/* End PBXResourcesBuildPhase section */

/* Begin PBXSourcesBuildPhase section */
		84E9F4971DEC950B0038897E /* Sources */ = {
			isa = PBXSourcesBuildPhase;
			buildActionMask = 2147483647;
			files = (
				84C3CA761E23BACE00724BFB /* UIView+Polygone.m in Sources */,
				84E9F4B71DEC9B5C0038897E /* PolygonImage.m in Sources */,
				84E9F4A61DEC950B0038897E /* ViewController.m in Sources */,
				84E9F4A31DEC950B0038897E /* AppDelegate.m in Sources */,
				84E9F4A01DEC950B0038897E /* main.m in Sources */,
			);
			runOnlyForDeploymentPostprocessing = 0;
		};
/* End PBXSourcesBuildPhase section */

/* Begin PBXVariantGroup section */
		84E9F4A71DEC950B0038897E /* Main.storyboard */ = {
			isa = PBXVariantGroup;
			children = (
				84E9F4A81DEC950B0038897E /* Base */,
			);
			name = Main.storyboard;
			sourceTree = "<group>";
		};
		84E9F4AC1DEC950B0038897E /* LaunchScreen.storyboard */ = {
			isa = PBXVariantGroup;
			children = (
				84E9F4AD1DEC950B0038897E /* Base */,
			);
			name = LaunchScreen.storyboard;
			sourceTree = "<group>";
		};
/* End PBXVariantGroup section */

/* Begin XCBuildConfiguration section */
		84E9F4B01DEC950B0038897E /* Debug */ = {
			isa = XCBuildConfiguration;
			buildSettings = {
				ALWAYS_SEARCH_USER_PATHS = NO;
				CLANG_ANALYZER_NONNULL = YES;
				CLANG_CXX_LANGUAGE_STANDARD = "gnu++0x";
				CLANG_CXX_LIBRARY = "libc++";
				CLANG_ENABLE_MODULES = YES;
				CLANG_ENABLE_OBJC_ARC = YES;
				CLANG_WARN_BOOL_CONVERSION = YES;
				CLANG_WARN_CONSTANT_CONVERSION = YES;
				CLANG_WARN_DIRECT_OBJC_ISA_USAGE = YES_ERROR;
				CLANG_WARN_EMPTY_BODY = YES;
				CLANG_WARN_ENUM_CONVERSION = YES;
				CLANG_WARN_INT_CONVERSION = YES;
				CLANG_WARN_OBJC_ROOT_CLASS = YES_ERROR;
				CLANG_WARN_UNREACHABLE_CODE = YES;
				CLANG_WARN__DUPLICATE_METHOD_MATCH = YES;
				"CODE_SIGN_IDENTITY[sdk=iphoneos*]" = "iPhone Developer";
				COPY_PHASE_STRIP = NO;
				DEBUG_INFORMATION_FORMAT = dwarf;
				ENABLE_STRICT_OBJC_MSGSEND = YES;
				ENABLE_TESTABILITY = YES;
				GCC_C_LANGUAGE_STANDARD = gnu99;
				GCC_DYNAMIC_NO_PIC = NO;
				GCC_NO_COMMON_BLOCKS = YES;
				GCC_OPTIMIZATION_LEVEL = 0;
				GCC_PREPROCESSOR_DEFINITIONS = (
					"DEBUG=1",
					"$(inherited)",
				);
				GCC_WARN_64_TO_32_BIT_CONVERSION = YES;
				GCC_WARN_ABOUT_RETURN_TYPE = YES_ERROR;
				GCC_WARN_UNDECLARED_SELECTOR = YES;
				GCC_WARN_UNINITIALIZED_AUTOS = YES_AGGRESSIVE;
				GCC_WARN_UNUSED_FUNCTION = YES;
				GCC_WARN_UNUSED_VARIABLE = YES;
				IPHONEOS_DEPLOYMENT_TARGET = 9.3;
				MTL_ENABLE_DEBUG_INFO = YES;
				ONLY_ACTIVE_ARCH = YES;
				SDKROOT = iphoneos;
				TARGETED_DEVICE_FAMILY = 2;
			};
			name = Debug;
		};
		84E9F4B11DEC950B0038897E /* Release */ = {
			isa = XCBuildConfiguration;
			buildSettings = {
				ALWAYS_SEARCH_USER_PATHS = NO;
				CLANG_ANALYZER_NONNULL = YES;
				CLANG_CXX_LANGUAGE_STANDARD = "gnu++0x";
				CLANG_CXX_LIBRARY = "libc++";
				CLANG_ENABLE_MODULES = YES;
				CLANG_ENABLE_OBJC_ARC = YES;
				CLANG_WARN_BOOL_CONVERSION = YES;
				CLANG_WARN_CONSTANT_CONVERSION = YES;
				CLANG_WARN_DIRECT_OBJC_ISA_USAGE = YES_ERROR;
				CLANG_WARN_EMPTY_BODY = YES;
				CLANG_WARN_ENUM_CONVERSION = YES;
				CLANG_WARN_INT_CONVERSION = YES;
				CLANG_WARN_OBJC_ROOT_CLASS = YES_ERROR;
				CLANG_WARN_UNREACHABLE_CODE = YES;
				CLANG_WARN__DUPLICATE_METHOD_MATCH = YES;
				"CODE_SIGN_IDENTITY[sdk=iphoneos*]" = "iPhone Developer";
				COPY_PHASE_STRIP = NO;
				DEBUG_INFORMATION_FORMAT = "dwarf-with-dsym";
				ENABLE_NS_ASSERTIONS = NO;
				ENABLE_STRICT_OBJC_MSGSEND = YES;
				GCC_C_LANGUAGE_STANDARD = gnu99;
				GCC_NO_COMMON_BLOCKS = YES;
				GCC_WARN_64_TO_32_BIT_CONVERSION = YES;
				GCC_WARN_ABOUT_RETURN_TYPE = YES_ERROR;
				GCC_WARN_UNDECLARED_SELECTOR = YES;
				GCC_WARN_UNINITIALIZED_AUTOS = YES_AGGRESSIVE;
				GCC_WARN_UNUSED_FUNCTION = YES;
				GCC_WARN_UNUSED_VARIABLE = YES;
				IPHONEOS_DEPLOYMENT_TARGET = 9.3;
				MTL_ENABLE_DEBUG_INFO = NO;
				SDKROOT = iphoneos;
				TARGETED_DEVICE_FAMILY = 2;
				VALIDATE_PRODUCT = YES;
			};
			name = Release;
		};
		84E9F4B31DEC950B0038897E /* Debug */ = {
			isa = XCBuildConfiguration;
			buildSettings = {
				ASSETCATALOG_COMPILER_APPICON_NAME = AppIcon;
				INFOPLIST_FILE = SkewedScroll/Info.plist;
				LD_RUNPATH_SEARCH_PATHS = "$(inherited) @executable_path/Frameworks";
				PRODUCT_BUNDLE_IDENTIFIER = org1.SkewedScroll;
				PRODUCT_NAME = "$(TARGET_NAME)";
			};
			name = Debug;
		};
		84E9F4B41DEC950B0038897E /* Release */ = {
			isa = XCBuildConfiguration;
			buildSettings = {
				ASSETCATALOG_COMPILER_APPICON_NAME = AppIcon;
				INFOPLIST_FILE = SkewedScroll/Info.plist;
				LD_RUNPATH_SEARCH_PATHS = "$(inherited) @executable_path/Frameworks";
				PRODUCT_BUNDLE_IDENTIFIER = org1.SkewedScroll;
				PRODUCT_NAME = "$(TARGET_NAME)";
			};
			name = Release;
		};
/* End XCBuildConfiguration section */

/* Begin XCConfigurationList section */
		84E9F4961DEC950B0038897E /* Build configuration list for PBXProject "SkewedScroll" */ = {
			isa = XCConfigurationList;
			buildConfigurations = (
				84E9F4B01DEC950B0038897E /* Debug */,
				84E9F4B11DEC950B0038897E /* Release */,
			);
			defaultConfigurationIsVisible = 0;
			defaultConfigurationName = Release;
		};
		84E9F4B21DEC950B0038897E /* Build configuration list for PBXNativeTarget "SkewedScroll" */ = {
			isa = XCConfigurationList;
			buildConfigurations = (
				84E9F4B31DEC950B0038897E /* Debug */,
				84E9F4B41DEC950B0038897E /* Release */,
			);
			defaultConfigurationIsVisible = 0;
			defaultConfigurationName = Release;
		};
/* End XCConfigurationList section */
	};
	rootObject = 84E9F4931DEC950B0038897E /* Project object */;
}
