// !$*UTF8*$!
{
	archiveVersion = 1;
	classes = {
	};
	objectVersion = 48;
	objects = {

/* Begin PBXBuildFile section */
		2C6AA3C52000A5A8267D0254 /* Pods_poloniex.framework in Frameworks */ = {isa = PBXBuildFile; fileRef = 36C2180DB5C577669E03C131 /* Pods_poloniex.framework */; };
		79B343403BA1692E07F4B61A /* Pods_poloniexTests.framework in Frameworks */ = {isa = PBXBuildFile; fileRef = 176D78EF8198EED693670217 /* Pods_poloniexTests.framework */; };
		84F16BA6232BA9FE00BA8AC9 /* ApiCryptoPair.swift in Sources */ = {isa = PBXBuildFile; fileRef = 84F16BA5232BA9FE00BA8AC9 /* ApiCryptoPair.swift */; };
		907DC9850F5B956C7FF3C53B /* Pods_poloniexUITests.framework in Frameworks */ = {isa = PBXBuildFile; fileRef = 330F31FA3D53C2D43194510C /* Pods_poloniexUITests.framework */; };
		D245DB852029023800868B28 /* TickerCell.swift in Sources */ = {isa = PBXBuildFile; fileRef = D245DB842029023800868B28 /* TickerCell.swift */; };
		D2EE28072028A7DC0031E5F8 /* AppDelegate.swift in Sources */ = {isa = PBXBuildFile; fileRef = D2EE28062028A7DC0031E5F8 /* AppDelegate.swift */; };
		D2EE28092028A7DC0031E5F8 /* ViewController.swift in Sources */ = {isa = PBXBuildFile; fileRef = D2EE28082028A7DC0031E5F8 /* ViewController.swift */; };
		D2EE280C2028A7DC0031E5F8 /* Main.storyboard in Resources */ = {isa = PBXBuildFile; fileRef = D2EE280A2028A7DC0031E5F8 /* Main.storyboard */; };
		D2EE280E2028A7DC0031E5F8 /* Assets.xcassets in Resources */ = {isa = PBXBuildFile; fileRef = D2EE280D2028A7DC0031E5F8 /* Assets.xcassets */; };
		D2EE28112028A7DC0031E5F8 /* LaunchScreen.storyboard in Resources */ = {isa = PBXBuildFile; fileRef = D2EE280F2028A7DC0031E5F8 /* LaunchScreen.storyboard */; };
		D2EE281C2028A7DC0031E5F8 /* poloniexTests.swift in Sources */ = {isa = PBXBuildFile; fileRef = D2EE281B2028A7DC0031E5F8 /* poloniexTests.swift */; };
		D2EE28272028A7DC0031E5F8 /* poloniexUITests.swift in Sources */ = {isa = PBXBuildFile; fileRef = D2EE28262028A7DC0031E5F8 /* poloniexUITests.swift */; };
		D2EE28382028A7DC0031E5F8 /* TickerViewModel.swift in Sources */ = {isa = PBXBuildFile; fileRef = D2EE28372028A7DC0031E5F8 /* TickerViewModel.swift */; };
		D2EE283C2028A7DC0031E5F8 /* PoloniexService.swift in Sources */ = {isa = PBXBuildFile; fileRef = D2EE283B2028A7DC0031E5F8 /* PoloniexService.swift */; };
		D2EE283E2028C5200031E5F8 /* CryptoPair.swift in Sources */ = {isa = PBXBuildFile; fileRef = D2EE283D2028C5200031E5F8 /* CryptoPair.swift */; };
/* End PBXBuildFile section */

/* Begin PBXContainerItemProxy section */
		D2EE28182028A7DC0031E5F8 /* PBXContainerItemProxy */ = {
			isa = PBXContainerItemProxy;
			containerPortal = D2EE27FB2028A7DC0031E5F8 /* Project object */;
			proxyType = 1;
			remoteGlobalIDString = D2EE28022028A7DC0031E5F8;
			remoteInfo = poloniex;
		};
		D2EE28232028A7DC0031E5F8 /* PBXContainerItemProxy */ = {
			isa = PBXContainerItemProxy;
			containerPortal = D2EE27FB2028A7DC0031E5F8 /* Project object */;
			proxyType = 1;
			remoteGlobalIDString = D2EE28022028A7DC0031E5F8;
			remoteInfo = poloniex;
		};
/* End PBXContainerItemProxy section */

/* Begin PBXFileReference section */
		12AE8153E7811AC6530ED897 /* Pods-poloniex.release.xcconfig */ = {isa = PBXFileReference; includeInIndex = 1; lastKnownFileType = text.xcconfig; name = "Pods-poloniex.release.xcconfig"; path = "Pods/Target Support Files/Pods-poloniex/Pods-poloniex.release.xcconfig"; sourceTree = "<group>"; };
		1656A57B269C5193FE636488 /* Pods-poloniexUITests.release.xcconfig */ = {isa = PBXFileReference; includeInIndex = 1; lastKnownFileType = text.xcconfig; name = "Pods-poloniexUITests.release.xcconfig"; path = "Pods/Target Support Files/Pods-poloniexUITests/Pods-poloniexUITests.release.xcconfig"; sourceTree = "<group>"; };
		176D78EF8198EED693670217 /* Pods_poloniexTests.framework */ = {isa = PBXFileReference; explicitFileType = wrapper.framework; includeInIndex = 0; path = Pods_poloniexTests.framework; sourceTree = BUILT_PRODUCTS_DIR; };
		330F31FA3D53C2D43194510C /* Pods_poloniexUITests.framework */ = {isa = PBXFileReference; explicitFileType = wrapper.framework; includeInIndex = 0; path = Pods_poloniexUITests.framework; sourceTree = BUILT_PRODUCTS_DIR; };
		36C2180DB5C577669E03C131 /* Pods_poloniex.framework */ = {isa = PBXFileReference; explicitFileType = wrapper.framework; includeInIndex = 0; path = Pods_poloniex.framework; sourceTree = BUILT_PRODUCTS_DIR; };
		3877CF31575527750E073C90 /* Pods-poloniexUITests.debug.xcconfig */ = {isa = PBXFileReference; includeInIndex = 1; lastKnownFileType = text.xcconfig; name = "Pods-poloniexUITests.debug.xcconfig"; path = "Pods/Target Support Files/Pods-poloniexUITests/Pods-poloniexUITests.debug.xcconfig"; sourceTree = "<group>"; };
		65B0007A9CE3B7242370E7FE /* Pods-poloniexTests.debug.xcconfig */ = {isa = PBXFileReference; includeInIndex = 1; lastKnownFileType = text.xcconfig; name = "Pods-poloniexTests.debug.xcconfig"; path = "Pods/Target Support Files/Pods-poloniexTests/Pods-poloniexTests.debug.xcconfig"; sourceTree = "<group>"; };
		7208E2B2722702B3C435E318 /* Pods-poloniex.debug.xcconfig */ = {isa = PBXFileReference; includeInIndex = 1; lastKnownFileType = text.xcconfig; name = "Pods-poloniex.debug.xcconfig"; path = "Pods/Target Support Files/Pods-poloniex/Pods-poloniex.debug.xcconfig"; sourceTree = "<group>"; };
		84F16BA5232BA9FE00BA8AC9 /* ApiCryptoPair.swift */ = {isa = PBXFileReference; lastKnownFileType = sourcecode.swift; path = ApiCryptoPair.swift; sourceTree = "<group>"; };
		956442C13D9CC866F35D3E63 /* Pods-poloniexTests.release.xcconfig */ = {isa = PBXFileReference; includeInIndex = 1; lastKnownFileType = text.xcconfig; name = "Pods-poloniexTests.release.xcconfig"; path = "Pods/Target Support Files/Pods-poloniexTests/Pods-poloniexTests.release.xcconfig"; sourceTree = "<group>"; };
		D245DB842029023800868B28 /* TickerCell.swift */ = {isa = PBXFileReference; lastKnownFileType = sourcecode.swift; path = TickerCell.swift; sourceTree = "<group>"; };
		D2EE28032028A7DC0031E5F8 /* poloniex.app */ = {isa = PBXFileReference; explicitFileType = wrapper.application; includeInIndex = 0; path = poloniex.app; sourceTree = BUILT_PRODUCTS_DIR; };
		D2EE28062028A7DC0031E5F8 /* AppDelegate.swift */ = {isa = PBXFileReference; lastKnownFileType = sourcecode.swift; path = AppDelegate.swift; sourceTree = "<group>"; };
		D2EE28082028A7DC0031E5F8 /* ViewController.swift */ = {isa = PBXFileReference; lastKnownFileType = sourcecode.swift; path = ViewController.swift; sourceTree = "<group>"; };
		D2EE280B2028A7DC0031E5F8 /* Base */ = {isa = PBXFileReference; lastKnownFileType = file.storyboard; name = Base; path = Base.lproj/Main.storyboard; sourceTree = "<group>"; };
		D2EE280D2028A7DC0031E5F8 /* Assets.xcassets */ = {isa = PBXFileReference; lastKnownFileType = folder.assetcatalog; path = Assets.xcassets; sourceTree = "<group>"; };
		D2EE28102028A7DC0031E5F8 /* Base */ = {isa = PBXFileReference; lastKnownFileType = file.storyboard; name = Base; path = Base.lproj/LaunchScreen.storyboard; sourceTree = "<group>"; };
		D2EE28122028A7DC0031E5F8 /* Info.plist */ = {isa = PBXFileReference; lastKnownFileType = text.plist.xml; path = Info.plist; sourceTree = "<group>"; };
		D2EE28172028A7DC0031E5F8 /* poloniexTests.xctest */ = {isa = PBXFileReference; explicitFileType = wrapper.cfbundle; includeInIndex = 0; path = poloniexTests.xctest; sourceTree = BUILT_PRODUCTS_DIR; };
		D2EE281B2028A7DC0031E5F8 /* poloniexTests.swift */ = {isa = PBXFileReference; lastKnownFileType = sourcecode.swift; path = poloniexTests.swift; sourceTree = "<group>"; };
		D2EE281D2028A7DC0031E5F8 /* Info.plist */ = {isa = PBXFileReference; lastKnownFileType = text.plist.xml; path = Info.plist; sourceTree = "<group>"; };
		D2EE28222028A7DC0031E5F8 /* poloniexUITests.xctest */ = {isa = PBXFileReference; explicitFileType = wrapper.cfbundle; includeInIndex = 0; path = poloniexUITests.xctest; sourceTree = BUILT_PRODUCTS_DIR; };
		D2EE28262028A7DC0031E5F8 /* poloniexUITests.swift */ = {isa = PBXFileReference; lastKnownFileType = sourcecode.swift; path = poloniexUITests.swift; sourceTree = "<group>"; };
		D2EE28282028A7DC0031E5F8 /* Info.plist */ = {isa = PBXFileReference; lastKnownFileType = text.plist.xml; path = Info.plist; sourceTree = "<group>"; };
		D2EE28372028A7DC0031E5F8 /* TickerViewModel.swift */ = {isa = PBXFileReference; lastKnownFileType = sourcecode.swift; path = TickerViewModel.swift; sourceTree = "<group>"; };
		D2EE283B2028A7DC0031E5F8 /* PoloniexService.swift */ = {isa = PBXFileReference; lastKnownFileType = sourcecode.swift; path = PoloniexService.swift; sourceTree = "<group>"; };
		D2EE283D2028C5200031E5F8 /* CryptoPair.swift */ = {isa = PBXFileReference; lastKnownFileType = sourcecode.swift; path = CryptoPair.swift; sourceTree = "<group>"; };
/* End PBXFileReference section */

/* Begin PBXFrameworksBuildPhase section */
		D2EE28002028A7DC0031E5F8 /* Frameworks */ = {
			isa = PBXFrameworksBuildPhase;
			buildActionMask = 2147483647;
			files = (
				2C6AA3C52000A5A8267D0254 /* Pods_poloniex.framework in Frameworks */,
			);
			runOnlyForDeploymentPostprocessing = 0;
		};
		D2EE28142028A7DC0031E5F8 /* Frameworks */ = {
			isa = PBXFrameworksBuildPhase;
			buildActionMask = 2147483647;
			files = (
				79B343403BA1692E07F4B61A /* Pods_poloniexTests.framework in Frameworks */,
			);
			runOnlyForDeploymentPostprocessing = 0;
		};
		D2EE281F2028A7DC0031E5F8 /* Frameworks */ = {
			isa = PBXFrameworksBuildPhase;
			buildActionMask = 2147483647;
			files = (
				907DC9850F5B956C7FF3C53B /* Pods_poloniexUITests.framework in Frameworks */,
			);
			runOnlyForDeploymentPostprocessing = 0;
		};
/* End PBXFrameworksBuildPhase section */

/* Begin PBXGroup section */
		0043CAFC0C8EDF3DCA140450 /* Pods */ = {
			isa = PBXGroup;
			children = (
				7208E2B2722702B3C435E318 /* Pods-poloniex.debug.xcconfig */,
				12AE8153E7811AC6530ED897 /* Pods-poloniex.release.xcconfig */,
				65B0007A9CE3B7242370E7FE /* Pods-poloniexTests.debug.xcconfig */,
				956442C13D9CC866F35D3E63 /* Pods-poloniexTests.release.xcconfig */,
				3877CF31575527750E073C90 /* Pods-poloniexUITests.debug.xcconfig */,
				1656A57B269C5193FE636488 /* Pods-poloniexUITests.release.xcconfig */,
			);
			name = Pods;
			sourceTree = "<group>";
		};
		0880EBE79E9C66817E82A22A /* Frameworks */ = {
			isa = PBXGroup;
			children = (
				36C2180DB5C577669E03C131 /* Pods_poloniex.framework */,
				176D78EF8198EED693670217 /* Pods_poloniexTests.framework */,
				330F31FA3D53C2D43194510C /* Pods_poloniexUITests.framework */,
			);
			name = Frameworks;
			sourceTree = "<group>";
		};
		D2EE27FA2028A7DC0031E5F8 = {
			isa = PBXGroup;
			children = (
				D2EE28052028A7DC0031E5F8 /* poloniex */,
				D2EE281A2028A7DC0031E5F8 /* poloniexTests */,
				D2EE28252028A7DC0031E5F8 /* poloniexUITests */,
				D2EE28042028A7DC0031E5F8 /* Products */,
				0043CAFC0C8EDF3DCA140450 /* Pods */,
				0880EBE79E9C66817E82A22A /* Frameworks */,
			);
			sourceTree = "<group>";
		};
		D2EE28042028A7DC0031E5F8 /* Products */ = {
			isa = PBXGroup;
			children = (
				D2EE28032028A7DC0031E5F8 /* poloniex.app */,
				D2EE28172028A7DC0031E5F8 /* poloniexTests.xctest */,
				D2EE28222028A7DC0031E5F8 /* poloniexUITests.xctest */,
			);
			name = Products;
			sourceTree = "<group>";
		};
		D2EE28052028A7DC0031E5F8 /* poloniex */ = {
			isa = PBXGroup;
			children = (
				D2EE283A2028A7DC0031E5F8 /* services */,
				D2EE28392028A7DC0031E5F8 /* Model */,
				D2EE28362028A7DC0031E5F8 /* viewmodel */,
				D2EE28352028A7DC0031E5F8 /* view */,
				D2EE28062028A7DC0031E5F8 /* AppDelegate.swift */,
				D2EE280A2028A7DC0031E5F8 /* Main.storyboard */,
				D2EE280D2028A7DC0031E5F8 /* Assets.xcassets */,
				D2EE280F2028A7DC0031E5F8 /* LaunchScreen.storyboard */,
				D2EE28122028A7DC0031E5F8 /* Info.plist */,
			);
			path = poloniex;
			sourceTree = "<group>";
		};
		D2EE281A2028A7DC0031E5F8 /* poloniexTests */ = {
			isa = PBXGroup;
			children = (
				D2EE281B2028A7DC0031E5F8 /* poloniexTests.swift */,
				D2EE281D2028A7DC0031E5F8 /* Info.plist */,
			);
			path = poloniexTests;
			sourceTree = "<group>";
		};
		D2EE28252028A7DC0031E5F8 /* poloniexUITests */ = {
			isa = PBXGroup;
			children = (
				D2EE28262028A7DC0031E5F8 /* poloniexUITests.swift */,
				D2EE28282028A7DC0031E5F8 /* Info.plist */,
			);
			path = poloniexUITests;
			sourceTree = "<group>";
		};
		D2EE28352028A7DC0031E5F8 /* view */ = {
			isa = PBXGroup;
			children = (
				D2EE28082028A7DC0031E5F8 /* ViewController.swift */,
				D245DB842029023800868B28 /* TickerCell.swift */,
			);
			path = view;
			sourceTree = "<group>";
		};
		D2EE28362028A7DC0031E5F8 /* viewmodel */ = {
			isa = PBXGroup;
			children = (
				D2EE28372028A7DC0031E5F8 /* TickerViewModel.swift */,
			);
			path = viewmodel;
			sourceTree = "<group>";
		};
		D2EE28392028A7DC0031E5F8 /* Model */ = {
			isa = PBXGroup;
			children = (
				D2EE283D2028C5200031E5F8 /* CryptoPair.swift */,
				84F16BA5232BA9FE00BA8AC9 /* ApiCryptoPair.swift */,
			);
			path = Model;
			sourceTree = "<group>";
		};
		D2EE283A2028A7DC0031E5F8 /* services */ = {
			isa = PBXGroup;
			children = (
				D2EE283B2028A7DC0031E5F8 /* PoloniexService.swift */,
			);
			path = services;
			sourceTree = "<group>";
		};
/* End PBXGroup section */

/* Begin PBXNativeTarget section */
		D2EE28022028A7DC0031E5F8 /* poloniex */ = {
			isa = PBXNativeTarget;
			buildConfigurationList = D2EE282B2028A7DC0031E5F8 /* Build configuration list for PBXNativeTarget "poloniex" */;
			buildPhases = (
				D86AC8D49E684429187DB036 /* [CP] Check Pods Manifest.lock */,
				D2EE27FF2028A7DC0031E5F8 /* Sources */,
				D2EE28002028A7DC0031E5F8 /* Frameworks */,
				D2EE28012028A7DC0031E5F8 /* Resources */,
				ECBFD15E785FC9778526445C /* [CP] Embed Pods Frameworks */,
			);
			buildRules = (
			);
			dependencies = (
			);
			name = poloniex;
			productName = poloniex;
			productReference = D2EE28032028A7DC0031E5F8 /* poloniex.app */;
			productType = "com.apple.product-type.application";
		};
		D2EE28162028A7DC0031E5F8 /* poloniexTests */ = {
			isa = PBXNativeTarget;
			buildConfigurationList = D2EE282E2028A7DC0031E5F8 /* Build configuration list for PBXNativeTarget "poloniexTests" */;
			buildPhases = (
				54B991F88536407D0D3CF4CB /* [CP] Check Pods Manifest.lock */,
				D2EE28132028A7DC0031E5F8 /* Sources */,
				D2EE28142028A7DC0031E5F8 /* Frameworks */,
				D2EE28152028A7DC0031E5F8 /* Resources */,
			);
			buildRules = (
			);
			dependencies = (
				D2EE28192028A7DC0031E5F8 /* PBXTargetDependency */,
			);
			name = poloniexTests;
			productName = poloniexTests;
			productReference = D2EE28172028A7DC0031E5F8 /* poloniexTests.xctest */;
			productType = "com.apple.product-type.bundle.unit-test";
		};
		D2EE28212028A7DC0031E5F8 /* poloniexUITests */ = {
			isa = PBXNativeTarget;
			buildConfigurationList = D2EE28312028A7DC0031E5F8 /* Build configuration list for PBXNativeTarget "poloniexUITests" */;
			buildPhases = (
				0CD2A9174AC856EDEFE008CC /* [CP] Check Pods Manifest.lock */,
				D2EE281E2028A7DC0031E5F8 /* Sources */,
				D2EE281F2028A7DC0031E5F8 /* Frameworks */,
				D2EE28202028A7DC0031E5F8 /* Resources */,
			);
			buildRules = (
			);
			dependencies = (
				D2EE28242028A7DC0031E5F8 /* PBXTargetDependency */,
			);
			name = poloniexUITests;
			productName = poloniexUITests;
			productReference = D2EE28222028A7DC0031E5F8 /* poloniexUITests.xctest */;
			productType = "com.apple.product-type.bundle.ui-testing";
		};
/* End PBXNativeTarget section */

/* Begin PBXProject section */
		D2EE27FB2028A7DC0031E5F8 /* Project object */ = {
			isa = PBXProject;
			attributes = {
				LastSwiftUpdateCheck = 0920;
				LastUpgradeCheck = 0920;
				ORGANIZATIONNAME = merryweater;
				TargetAttributes = {
					D2EE28022028A7DC0031E5F8 = {
						CreatedOnToolsVersion = 9.2;
						ProvisioningStyle = Automatic;
					};
					D2EE28162028A7DC0031E5F8 = {
						CreatedOnToolsVersion = 9.2;
						ProvisioningStyle = Automatic;
						TestTargetID = D2EE28022028A7DC0031E5F8;
					};
					D2EE28212028A7DC0031E5F8 = {
						CreatedOnToolsVersion = 9.2;
						ProvisioningStyle = Automatic;
						TestTargetID = D2EE28022028A7DC0031E5F8;
					};
				};
			};
			buildConfigurationList = D2EE27FE2028A7DC0031E5F8 /* Build configuration list for PBXProject "poloniex" */;
			compatibilityVersion = "Xcode 8.0";
			developmentRegion = en;
			hasScannedForEncodings = 0;
			knownRegions = (
				en,
				Base,
			);
			mainGroup = D2EE27FA2028A7DC0031E5F8;
			productRefGroup = D2EE28042028A7DC0031E5F8 /* Products */;
			projectDirPath = "";
			projectRoot = "";
			targets = (
				D2EE28022028A7DC0031E5F8 /* poloniex */,
				D2EE28162028A7DC0031E5F8 /* poloniexTests */,
				D2EE28212028A7DC0031E5F8 /* poloniexUITests */,
			);
		};
/* End PBXProject section */

/* Begin PBXResourcesBuildPhase section */
		D2EE28012028A7DC0031E5F8 /* Resources */ = {
			isa = PBXResourcesBuildPhase;
			buildActionMask = 2147483647;
			files = (
				D2EE28112028A7DC0031E5F8 /* LaunchScreen.storyboard in Resources */,
				D2EE280E2028A7DC0031E5F8 /* Assets.xcassets in Resources */,
				D2EE280C2028A7DC0031E5F8 /* Main.storyboard in Resources */,
			);
			runOnlyForDeploymentPostprocessing = 0;
		};
		D2EE28152028A7DC0031E5F8 /* Resources */ = {
			isa = PBXResourcesBuildPhase;
			buildActionMask = 2147483647;
			files = (
			);
			runOnlyForDeploymentPostprocessing = 0;
		};
		D2EE28202028A7DC0031E5F8 /* Resources */ = {
			isa = PBXResourcesBuildPhase;
			buildActionMask = 2147483647;
			files = (
			);
			runOnlyForDeploymentPostprocessing = 0;
		};
/* End PBXResourcesBuildPhase section */

/* Begin PBXShellScriptBuildPhase section */
		0CD2A9174AC856EDEFE008CC /* [CP] Check Pods Manifest.lock */ = {
			isa = PBXShellScriptBuildPhase;
			buildActionMask = 2147483647;
			files = (
			);
			inputPaths = (
				"${PODS_PODFILE_DIR_PATH}/Podfile.lock",
				"${PODS_ROOT}/Manifest.lock",
			);
			name = "[CP] Check Pods Manifest.lock";
			outputPaths = (
				"$(DERIVED_FILE_DIR)/Pods-poloniexUITests-checkManifestLockResult.txt",
			);
			runOnlyForDeploymentPostprocessing = 0;
			shellPath = /bin/sh;
			shellScript = "diff \"${PODS_PODFILE_DIR_PATH}/Podfile.lock\" \"${PODS_ROOT}/Manifest.lock\" > /dev/null\nif [ $? != 0 ] ; then\n    # print error to STDERR\n    echo \"error: The sandbox is not in sync with the Podfile.lock. Run 'pod install' or update your CocoaPods installation.\" >&2\n    exit 1\nfi\n# This output is used by Xcode 'outputs' to avoid re-running this script phase.\necho \"SUCCESS\" > \"${SCRIPT_OUTPUT_FILE_0}\"\n";
			showEnvVarsInLog = 0;
		};
		54B991F88536407D0D3CF4CB /* [CP] Check Pods Manifest.lock */ = {
			isa = PBXShellScriptBuildPhase;
			buildActionMask = 2147483647;
			files = (
			);
			inputPaths = (
				"${PODS_PODFILE_DIR_PATH}/Podfile.lock",
				"${PODS_ROOT}/Manifest.lock",
			);
			name = "[CP] Check Pods Manifest.lock";
			outputPaths = (
				"$(DERIVED_FILE_DIR)/Pods-poloniexTests-checkManifestLockResult.txt",
			);
			runOnlyForDeploymentPostprocessing = 0;
			shellPath = /bin/sh;
			shellScript = "diff \"${PODS_PODFILE_DIR_PATH}/Podfile.lock\" \"${PODS_ROOT}/Manifest.lock\" > /dev/null\nif [ $? != 0 ] ; then\n    # print error to STDERR\n    echo \"error: The sandbox is not in sync with the Podfile.lock. Run 'pod install' or update your CocoaPods installation.\" >&2\n    exit 1\nfi\n# This output is used by Xcode 'outputs' to avoid re-running this script phase.\necho \"SUCCESS\" > \"${SCRIPT_OUTPUT_FILE_0}\"\n";
			showEnvVarsInLog = 0;
		};
		D86AC8D49E684429187DB036 /* [CP] Check Pods Manifest.lock */ = {
			isa = PBXShellScriptBuildPhase;
			buildActionMask = 2147483647;
			files = (
			);
			inputPaths = (
				"${PODS_PODFILE_DIR_PATH}/Podfile.lock",
				"${PODS_ROOT}/Manifest.lock",
			);
			name = "[CP] Check Pods Manifest.lock";
			outputPaths = (
				"$(DERIVED_FILE_DIR)/Pods-poloniex-checkManifestLockResult.txt",
			);
			runOnlyForDeploymentPostprocessing = 0;
			shellPath = /bin/sh;
			shellScript = "diff \"${PODS_PODFILE_DIR_PATH}/Podfile.lock\" \"${PODS_ROOT}/Manifest.lock\" > /dev/null\nif [ $? != 0 ] ; then\n    # print error to STDERR\n    echo \"error: The sandbox is not in sync with the Podfile.lock. Run 'pod install' or update your CocoaPods installation.\" >&2\n    exit 1\nfi\n# This output is used by Xcode 'outputs' to avoid re-running this script phase.\necho \"SUCCESS\" > \"${SCRIPT_OUTPUT_FILE_0}\"\n";
			showEnvVarsInLog = 0;
		};
		ECBFD15E785FC9778526445C /* [CP] Embed Pods Frameworks */ = {
			isa = PBXShellScriptBuildPhase;
			buildActionMask = 2147483647;
			files = (
			);
			inputPaths = (
				"${PODS_ROOT}/Target Support Files/Pods-poloniex/Pods-poloniex-frameworks.sh",
				"${BUILT_PRODUCTS_DIR}/Alamofire/Alamofire.framework",
				"${BUILT_PRODUCTS_DIR}/RxAlamofire/RxAlamofire.framework",
				"${BUILT_PRODUCTS_DIR}/RxCocoa/RxCocoa.framework",
				"${BUILT_PRODUCTS_DIR}/RxSwift/RxSwift.framework",
			);
			name = "[CP] Embed Pods Frameworks";
			outputPaths = (
				"${TARGET_BUILD_DIR}/${FRAMEWORKS_FOLDER_PATH}/Alamofire.framework",
				"${TARGET_BUILD_DIR}/${FRAMEWORKS_FOLDER_PATH}/RxAlamofire.framework",
				"${TARGET_BUILD_DIR}/${FRAMEWORKS_FOLDER_PATH}/RxCocoa.framework",
				"${TARGET_BUILD_DIR}/${FRAMEWORKS_FOLDER_PATH}/RxSwift.framework",
			);
			runOnlyForDeploymentPostprocessing = 0;
			shellPath = /bin/sh;
			shellScript = "\"${PODS_ROOT}/Target Support Files/Pods-poloniex/Pods-poloniex-frameworks.sh\"\n";
			showEnvVarsInLog = 0;
		};
/* End PBXShellScriptBuildPhase section */

/* Begin PBXSourcesBuildPhase section */
		D2EE27FF2028A7DC0031E5F8 /* Sources */ = {
			isa = PBXSourcesBuildPhase;
			buildActionMask = 2147483647;
			files = (
				D2EE28382028A7DC0031E5F8 /* TickerViewModel.swift in Sources */,
				84F16BA6232BA9FE00BA8AC9 /* ApiCryptoPair.swift in Sources */,
				D245DB852029023800868B28 /* TickerCell.swift in Sources */,
				D2EE28092028A7DC0031E5F8 /* ViewController.swift in Sources */,
				D2EE283E2028C5200031E5F8 /* CryptoPair.swift in Sources */,
				D2EE28072028A7DC0031E5F8 /* AppDelegate.swift in Sources */,
				D2EE283C2028A7DC0031E5F8 /* PoloniexService.swift in Sources */,
			);
			runOnlyForDeploymentPostprocessing = 0;
		};
		D2EE28132028A7DC0031E5F8 /* Sources */ = {
			isa = PBXSourcesBuildPhase;
			buildActionMask = 2147483647;
			files = (
				D2EE281C2028A7DC0031E5F8 /* poloniexTests.swift in Sources */,
			);
			runOnlyForDeploymentPostprocessing = 0;
		};
		D2EE281E2028A7DC0031E5F8 /* Sources */ = {
			isa = PBXSourcesBuildPhase;
			buildActionMask = 2147483647;
			files = (
				D2EE28272028A7DC0031E5F8 /* poloniexUITests.swift in Sources */,
			);
			runOnlyForDeploymentPostprocessing = 0;
		};
/* End PBXSourcesBuildPhase section */

/* Begin PBXTargetDependency section */
		D2EE28192028A7DC0031E5F8 /* PBXTargetDependency */ = {
			isa = PBXTargetDependency;
			target = D2EE28022028A7DC0031E5F8 /* poloniex */;
			targetProxy = D2EE28182028A7DC0031E5F8 /* PBXContainerItemProxy */;
		};
		D2EE28242028A7DC0031E5F8 /* PBXTargetDependency */ = {
			isa = PBXTargetDependency;
			target = D2EE28022028A7DC0031E5F8 /* poloniex */;
			targetProxy = D2EE28232028A7DC0031E5F8 /* PBXContainerItemProxy */;
		};
/* End PBXTargetDependency section */

/* Begin PBXVariantGroup section */
		D2EE280A2028A7DC0031E5F8 /* Main.storyboard */ = {
			isa = PBXVariantGroup;
			children = (
				D2EE280B2028A7DC0031E5F8 /* Base */,
			);
			name = Main.storyboard;
			sourceTree = "<group>";
		};
		D2EE280F2028A7DC0031E5F8 /* LaunchScreen.storyboard */ = {
			isa = PBXVariantGroup;
			children = (
				D2EE28102028A7DC0031E5F8 /* Base */,
			);
			name = LaunchScreen.storyboard;
			sourceTree = "<group>";
		};
/* End PBXVariantGroup section */

/* Begin XCBuildConfiguration section */
		D2EE28292028A7DC0031E5F8 /* Debug */ = {
			isa = XCBuildConfiguration;
			buildSettings = {
				ALWAYS_SEARCH_USER_PATHS = NO;
				CLANG_ANALYZER_NONNULL = YES;
				CLANG_ANALYZER_NUMBER_OBJECT_CONVERSION = YES_AGGRESSIVE;
				CLANG_CXX_LANGUAGE_STANDARD = "gnu++14";
				CLANG_CXX_LIBRARY = "libc++";
				CLANG_ENABLE_MODULES = YES;
				CLANG_ENABLE_OBJC_ARC = YES;
				CLANG_WARN_BLOCK_CAPTURE_AUTORELEASING = YES;
				CLANG_WARN_BOOL_CONVERSION = YES;
				CLANG_WARN_COMMA = YES;
				CLANG_WARN_CONSTANT_CONVERSION = YES;
				CLANG_WARN_DIRECT_OBJC_ISA_USAGE = YES_ERROR;
				CLANG_WARN_DOCUMENTATION_COMMENTS = YES;
				CLANG_WARN_EMPTY_BODY = YES;
				CLANG_WARN_ENUM_CONVERSION = YES;
				CLANG_WARN_INFINITE_RECURSION = YES;
				CLANG_WARN_INT_CONVERSION = YES;
				CLANG_WARN_NON_LITERAL_NULL_CONVERSION = YES;
				CLANG_WARN_OBJC_LITERAL_CONVERSION = YES;
				CLANG_WARN_OBJC_ROOT_CLASS = YES_ERROR;
				CLANG_WARN_RANGE_LOOP_ANALYSIS = YES;
				CLANG_WARN_STRICT_PROTOTYPES = YES;
				CLANG_WARN_SUSPICIOUS_MOVE = YES;
				CLANG_WARN_UNGUARDED_AVAILABILITY = YES_AGGRESSIVE;
				CLANG_WARN_UNREACHABLE_CODE = YES;
				CLANG_WARN__DUPLICATE_METHOD_MATCH = YES;
				CODE_SIGN_IDENTITY = "iPhone Developer";
				COPY_PHASE_STRIP = NO;
				DEBUG_INFORMATION_FORMAT = dwarf;
				ENABLE_STRICT_OBJC_MSGSEND = YES;
				ENABLE_TESTABILITY = YES;
				GCC_C_LANGUAGE_STANDARD = gnu11;
				GCC_DYNAMIC_NO_PIC = NO;
				GCC_NO_COMMON_BLOCKS = YES;
				GCC_OPTIMIZATION_LEVEL = 0;
				GCC_PREPROCESSOR_DEFINITIONS = (
					"DEBUG=1",
					"$(inherited)",
				);
				GCC_WARN_64_TO_32_BIT_CONVERSION = YES;
				GCC_WARN_ABOUT_RETURN_TYPE = YES_ERROR;
				GCC_WARN_UNDECLARED_SELECTOR = YES;
				GCC_WARN_UNINITIALIZED_AUTOS = YES_AGGRESSIVE;
				GCC_WARN_UNUSED_FUNCTION = YES;
				GCC_WARN_UNUSED_VARIABLE = YES;
				IPHONEOS_DEPLOYMENT_TARGET = 11.2;
				MTL_ENABLE_DEBUG_INFO = YES;
				ONLY_ACTIVE_ARCH = YES;
				SDKROOT = iphoneos;
				SWIFT_ACTIVE_COMPILATION_CONDITIONS = DEBUG;
				SWIFT_OPTIMIZATION_LEVEL = "-Onone";
			};
			name = Debug;
		};
		D2EE282A2028A7DC0031E5F8 /* Release */ = {
			isa = XCBuildConfiguration;
			buildSettings = {
				ALWAYS_SEARCH_USER_PATHS = NO;
				CLANG_ANALYZER_NONNULL = YES;
				CLANG_ANALYZER_NUMBER_OBJECT_CONVERSION = YES_AGGRESSIVE;
				CLANG_CXX_LANGUAGE_STANDARD = "gnu++14";
				CLANG_CXX_LIBRARY = "libc++";
				CLANG_ENABLE_MODULES = YES;
				CLANG_ENABLE_OBJC_ARC = YES;
				CLANG_WARN_BLOCK_CAPTURE_AUTORELEASING = YES;
				CLANG_WARN_BOOL_CONVERSION = YES;
				CLANG_WARN_COMMA = YES;
				CLANG_WARN_CONSTANT_CONVERSION = YES;
				CLANG_WARN_DIRECT_OBJC_ISA_USAGE = YES_ERROR;
				CLANG_WARN_DOCUMENTATION_COMMENTS = YES;
				CLANG_WARN_EMPTY_BODY = YES;
				CLANG_WARN_ENUM_CONVERSION = YES;
				CLANG_WARN_INFINITE_RECURSION = YES;
				CLANG_WARN_INT_CONVERSION = YES;
				CLANG_WARN_NON_LITERAL_NULL_CONVERSION = YES;
				CLANG_WARN_OBJC_LITERAL_CONVERSION = YES;
				CLANG_WARN_OBJC_ROOT_CLASS = YES_ERROR;
				CLANG_WARN_RANGE_LOOP_ANALYSIS = YES;
				CLANG_WARN_STRICT_PROTOTYPES = YES;
				CLANG_WARN_SUSPICIOUS_MOVE = YES;
				CLANG_WARN_UNGUARDED_AVAILABILITY = YES_AGGRESSIVE;
				CLANG_WARN_UNREACHABLE_CODE = YES;
				CLANG_WARN__DUPLICATE_METHOD_MATCH = YES;
				CODE_SIGN_IDENTITY = "iPhone Developer";
				COPY_PHASE_STRIP = NO;
				DEBUG_INFORMATION_FORMAT = "dwarf-with-dsym";
				ENABLE_NS_ASSERTIONS = NO;
				ENABLE_STRICT_OBJC_MSGSEND = YES;
				GCC_C_LANGUAGE_STANDARD = gnu11;
				GCC_NO_COMMON_BLOCKS = YES;
				GCC_WARN_64_TO_32_BIT_CONVERSION = YES;
				GCC_WARN_ABOUT_RETURN_TYPE = YES_ERROR;
				GCC_WARN_UNDECLARED_SELECTOR = YES;
				GCC_WARN_UNINITIALIZED_AUTOS = YES_AGGRESSIVE;
				GCC_WARN_UNUSED_FUNCTION = YES;
				GCC_WARN_UNUSED_VARIABLE = YES;
				IPHONEOS_DEPLOYMENT_TARGET = 11.2;
				MTL_ENABLE_DEBUG_INFO = NO;
				SDKROOT = iphoneos;
				SWIFT_OPTIMIZATION_LEVEL = "-Owholemodule";
				VALIDATE_PRODUCT = YES;
			};
			name = Release;
		};
		D2EE282C2028A7DC0031E5F8 /* Debug */ = {
			isa = XCBuildConfiguration;
			baseConfigurationReference = 7208E2B2722702B3C435E318 /* Pods-poloniex.debug.xcconfig */;
			buildSettings = {
				ASSETCATALOG_COMPILER_APPICON_NAME = AppIcon;
				CODE_SIGN_STYLE = Automatic;
				INFOPLIST_FILE = poloniex/Info.plist;
				LD_RUNPATH_SEARCH_PATHS = "$(inherited) @executable_path/Frameworks";
				PRODUCT_BUNDLE_IDENTIFIER = merryweater.poloniex;
				PRODUCT_NAME = "$(TARGET_NAME)";
				SWIFT_VERSION = 4.0;
				TARGETED_DEVICE_FAMILY = "1,2";
			};
			name = Debug;
		};
		D2EE282D2028A7DC0031E5F8 /* Release */ = {
			isa = XCBuildConfiguration;
			baseConfigurationReference = 12AE8153E7811AC6530ED897 /* Pods-poloniex.release.xcconfig */;
			buildSettings = {
				ASSETCATALOG_COMPILER_APPICON_NAME = AppIcon;
				CODE_SIGN_STYLE = Automatic;
				INFOPLIST_FILE = poloniex/Info.plist;
				LD_RUNPATH_SEARCH_PATHS = "$(inherited) @executable_path/Frameworks";
				PRODUCT_BUNDLE_IDENTIFIER = merryweater.poloniex;
				PRODUCT_NAME = "$(TARGET_NAME)";
				SWIFT_VERSION = 4.0;
				TARGETED_DEVICE_FAMILY = "1,2";
			};
			name = Release;
		};
		D2EE282F2028A7DC0031E5F8 /* Debug */ = {
			isa = XCBuildConfiguration;
			baseConfigurationReference = 65B0007A9CE3B7242370E7FE /* Pods-poloniexTests.debug.xcconfig */;
			buildSettings = {
				ALWAYS_EMBED_SWIFT_STANDARD_LIBRARIES = YES;
				BUNDLE_LOADER = "$(TEST_HOST)";
				CODE_SIGN_STYLE = Automatic;
				INFOPLIST_FILE = poloniexTests/Info.plist;
				LD_RUNPATH_SEARCH_PATHS = "$(inherited) @executable_path/Frameworks @loader_path/Frameworks";
				PRODUCT_BUNDLE_IDENTIFIER = merryweater.poloniexTests;
				PRODUCT_NAME = "$(TARGET_NAME)";
				SWIFT_VERSION = 4.0;
				TARGETED_DEVICE_FAMILY = "1,2";
				TEST_HOST = "$(BUILT_PRODUCTS_DIR)/poloniex.app/poloniex";
			};
			name = Debug;
		};
		D2EE28302028A7DC0031E5F8 /* Release */ = {
			isa = XCBuildConfiguration;
			baseConfigurationReference = 956442C13D9CC866F35D3E63 /* Pods-poloniexTests.release.xcconfig */;
			buildSettings = {
				ALWAYS_EMBED_SWIFT_STANDARD_LIBRARIES = YES;
				BUNDLE_LOADER = "$(TEST_HOST)";
				CODE_SIGN_STYLE = Automatic;
				INFOPLIST_FILE = poloniexTests/Info.plist;
				LD_RUNPATH_SEARCH_PATHS = "$(inherited) @executable_path/Frameworks @loader_path/Frameworks";
				PRODUCT_BUNDLE_IDENTIFIER = merryweater.poloniexTests;
				PRODUCT_NAME = "$(TARGET_NAME)";
				SWIFT_VERSION = 4.0;
				TARGETED_DEVICE_FAMILY = "1,2";
				TEST_HOST = "$(BUILT_PRODUCTS_DIR)/poloniex.app/poloniex";
			};
			name = Release;
		};
		D2EE28322028A7DC0031E5F8 /* Debug */ = {
			isa = XCBuildConfiguration;
			baseConfigurationReference = 3877CF31575527750E073C90 /* Pods-poloniexUITests.debug.xcconfig */;
			buildSettings = {
				ALWAYS_EMBED_SWIFT_STANDARD_LIBRARIES = YES;
				CODE_SIGN_STYLE = Automatic;
				INFOPLIST_FILE = poloniexUITests/Info.plist;
				LD_RUNPATH_SEARCH_PATHS = "$(inherited) @executable_path/Frameworks @loader_path/Frameworks";
				PRODUCT_BUNDLE_IDENTIFIER = merryweater.poloniexUITests;
				PRODUCT_NAME = "$(TARGET_NAME)";
				SWIFT_VERSION = 4.0;
				TARGETED_DEVICE_FAMILY = "1,2";
				TEST_TARGET_NAME = poloniex;
			};
			name = Debug;
		};
		D2EE28332028A7DC0031E5F8 /* Release */ = {
			isa = XCBuildConfiguration;
			baseConfigurationReference = 1656A57B269C5193FE636488 /* Pods-poloniexUITests.release.xcconfig */;
			buildSettings = {
				ALWAYS_EMBED_SWIFT_STANDARD_LIBRARIES = YES;
				CODE_SIGN_STYLE = Automatic;
				INFOPLIST_FILE = poloniexUITests/Info.plist;
				LD_RUNPATH_SEARCH_PATHS = "$(inherited) @executable_path/Frameworks @loader_path/Frameworks";
				PRODUCT_BUNDLE_IDENTIFIER = merryweater.poloniexUITests;
				PRODUCT_NAME = "$(TARGET_NAME)";
				SWIFT_VERSION = 4.0;
				TARGETED_DEVICE_FAMILY = "1,2";
				TEST_TARGET_NAME = poloniex;
			};
			name = Release;
		};
/* End XCBuildConfiguration section */

/* Begin XCConfigurationList section */
		D2EE27FE2028A7DC0031E5F8 /* Build configuration list for PBXProject "poloniex" */ = {
			isa = XCConfigurationList;
			buildConfigurations = (
				D2EE28292028A7DC0031E5F8 /* Debug */,
				D2EE282A2028A7DC0031E5F8 /* Release */,
			);
			defaultConfigurationIsVisible = 0;
			defaultConfigurationName = Release;
		};
		D2EE282B2028A7DC0031E5F8 /* Build configuration list for PBXNativeTarget "poloniex" */ = {
			isa = XCConfigurationList;
			buildConfigurations = (
				D2EE282C2028A7DC0031E5F8 /* Debug */,
				D2EE282D2028A7DC0031E5F8 /* Release */,
			);
			defaultConfigurationIsVisible = 0;
			defaultConfigurationName = Release;
		};
		D2EE282E2028A7DC0031E5F8 /* Build configuration list for PBXNativeTarget "poloniexTests" */ = {
			isa = XCConfigurationList;
			buildConfigurations = (
				D2EE282F2028A7DC0031E5F8 /* Debug */,
				D2EE28302028A7DC0031E5F8 /* Release */,
			);
			defaultConfigurationIsVisible = 0;
			defaultConfigurationName = Release;
		};
		D2EE28312028A7DC0031E5F8 /* Build configuration list for PBXNativeTarget "poloniexUITests" */ = {
			isa = XCConfigurationList;
			buildConfigurations = (
				D2EE28322028A7DC0031E5F8 /* Debug */,
				D2EE28332028A7DC0031E5F8 /* Release */,
			);
			defaultConfigurationIsVisible = 0;
			defaultConfigurationName = Release;
		};
/* End XCConfigurationList section */
	};
	rootObject = D2EE27FB2028A7DC0031E5F8 /* Project object */;
}
