// !$*UTF8*$!
{
	archiveVersion = 1;
	classes = {
	};
	objectVersion = 46;
	objects = {

/* Begin PBXBuildFile section */
		121F1B455C4054D6934A7590 /* Pods_ColorsStatisticsTests.framework in Frameworks */ = {isa = PBXBuildFile; fileRef = 3215EF597A5A869C316D1262 /* Pods_ColorsStatisticsTests.framework */; };
		4CDDFF34D43BFF46F23DAD13 /* Pods_ColorsStatistics.framework in Frameworks */ = {isa = PBXBuildFile; fileRef = 9600B12E7866598913459B99 /* Pods_ColorsStatistics.framework */; };
		840B05BD1DB5F1C500E7F2BF /* main.m in Sources */ = {isa = PBXBuildFile; fileRef = 840B05BC1DB5F1C500E7F2BF /* main.m */; };
		840B05C01DB5F1C500E7F2BF /* AppDelegate.m in Sources */ = {isa = PBXBuildFile; fileRef = 840B05BF1DB5F1C500E7F2BF /* AppDelegate.m */; };
		840B05C61DB5F1C500E7F2BF /* Main.storyboard in Resources */ = {isa = PBXBuildFile; fileRef = 840B05C41DB5F1C500E7F2BF /* Main.storyboard */; };
		840B05C81DB5F1C500E7F2BF /* Assets.xcassets in Resources */ = {isa = PBXBuildFile; fileRef = 840B05C71DB5F1C500E7F2BF /* Assets.xcassets */; };
		840B05CB1DB5F1C500E7F2BF /* LaunchScreen.storyboard in Resources */ = {isa = PBXBuildFile; fileRef = 840B05C91DB5F1C500E7F2BF /* LaunchScreen.storyboard */; };
		840B05D71DB5F31100E7F2BF /* TableViewController.m in Sources */ = {isa = PBXBuildFile; fileRef = 840B05D61DB5F31100E7F2BF /* TableViewController.m */; };
		840B05DE1DB5F93000E7F2BF /* BaseXibCell.m in Sources */ = {isa = PBXBuildFile; fileRef = 840B05DD1DB5F93000E7F2BF /* BaseXibCell.m */; };
		840B05E31DB5FB0200E7F2BF /* TableViewCell.m in Sources */ = {isa = PBXBuildFile; fileRef = 840B05E21DB5FB0200E7F2BF /* TableViewCell.m */; };
		840B05E51DB5FBCD00E7F2BF /* TableViewCell.xib in Resources */ = {isa = PBXBuildFile; fileRef = 840B05E41DB5FBCD00E7F2BF /* TableViewCell.xib */; };
		840B05EB1DB6400300E7F2BF /* UIColorHex.m in Sources */ = {isa = PBXBuildFile; fileRef = 840B05EA1DB6400300E7F2BF /* UIColorHex.m */; };
		840B05F71DB64ABA00E7F2BF /* SQLite3Cursor.m in Sources */ = {isa = PBXBuildFile; fileRef = 840B05EE1DB64ABA00E7F2BF /* SQLite3Cursor.m */; };
		840B05F81DB64ABA00E7F2BF /* SQLite3CursorWindow.m in Sources */ = {isa = PBXBuildFile; fileRef = 840B05F01DB64ABA00E7F2BF /* SQLite3CursorWindow.m */; };
		840B05F91DB64ABA00E7F2BF /* SQLite3CursorWithSelectByRowId.m in Sources */ = {isa = PBXBuildFile; fileRef = 840B05F21DB64ABA00E7F2BF /* SQLite3CursorWithSelectByRowId.m */; };
		840B05FA1DB64ABA00E7F2BF /* SQLite3Database.m in Sources */ = {isa = PBXBuildFile; fileRef = 840B05F41DB64ABA00E7F2BF /* SQLite3Database.m */; };
		840B05FB1DB64ABA00E7F2BF /* SQLite3Query.m in Sources */ = {isa = PBXBuildFile; fileRef = 840B05F61DB64ABA00E7F2BF /* SQLite3Query.m */; };
		840B05FE1DB64E4100E7F2BF /* DataClient.m in Sources */ = {isa = PBXBuildFile; fileRef = 840B05FD1DB64E4100E7F2BF /* DataClient.m */; };
		840B06021DB7B93500E7F2BF /* BaseDB.m in Sources */ = {isa = PBXBuildFile; fileRef = 840B06011DB7B93500E7F2BF /* BaseDB.m */; };
		840B06051DB7B9B200E7F2BF /* NicheDB.m in Sources */ = {isa = PBXBuildFile; fileRef = 840B06041DB7B9B200E7F2BF /* NicheDB.m */; };
		840B060B1DB7BEBD00E7F2BF /* niche.db.1.sql in Resources */ = {isa = PBXBuildFile; fileRef = 840B060A1DB7BEBD00E7F2BF /* niche.db.1.sql */; };
		840B073C1DB7D1BE00E7F2BF /* libsqlite3.tbd in Frameworks */ = {isa = PBXBuildFile; fileRef = 840B073B1DB7D1BE00E7F2BF /* libsqlite3.tbd */; };
		840B073F1DB7D94500E7F2BF /* NicheModel.m in Sources */ = {isa = PBXBuildFile; fileRef = 840B073E1DB7D94500E7F2BF /* NicheModel.m */; };
		84D17DAD1DD6F978008CD05C /* ViewModel.m in Sources */ = {isa = PBXBuildFile; fileRef = 84D17DAC1DD6F978008CD05C /* ViewModel.m */; };
		84E9F4C21DFBEB100038897E /* ColorsStatisticsTests.m in Sources */ = {isa = PBXBuildFile; fileRef = 84E9F4C11DFBEB100038897E /* ColorsStatisticsTests.m */; };
		84E9F4CB1DFBEE0C0038897E /* statistics.json in Resources */ = {isa = PBXBuildFile; fileRef = 84E9F4CA1DFBEE0C0038897E /* statistics.json */; };
/* End PBXBuildFile section */

/* Begin PBXContainerItemProxy section */
		84E9F4C41DFBEB100038897E /* PBXContainerItemProxy */ = {
			isa = PBXContainerItemProxy;
			containerPortal = 840B05B01DB5F1C500E7F2BF /* Project object */;
			proxyType = 1;
			remoteGlobalIDString = 840B05B71DB5F1C500E7F2BF;
			remoteInfo = ColorsStatistics;
		};
/* End PBXContainerItemProxy section */

/* Begin PBXFileReference section */
		2853DD2B81C1A898A274D2CE /* Pods-ColorsStatistics.debug.xcconfig */ = {isa = PBXFileReference; includeInIndex = 1; lastKnownFileType = text.xcconfig; name = "Pods-ColorsStatistics.debug.xcconfig"; path = "Pods/Target Support Files/Pods-ColorsStatistics/Pods-ColorsStatistics.debug.xcconfig"; sourceTree = "<group>"; };
		3215EF597A5A869C316D1262 /* Pods_ColorsStatisticsTests.framework */ = {isa = PBXFileReference; explicitFileType = wrapper.framework; includeInIndex = 0; path = Pods_ColorsStatisticsTests.framework; sourceTree = BUILT_PRODUCTS_DIR; };
		66AA625F00C1A3B523207EF6 /* Pods-ColorsStatisticsTests.debug.xcconfig */ = {isa = PBXFileReference; includeInIndex = 1; lastKnownFileType = text.xcconfig; name = "Pods-ColorsStatisticsTests.debug.xcconfig"; path = "Pods/Target Support Files/Pods-ColorsStatisticsTests/Pods-ColorsStatisticsTests.debug.xcconfig"; sourceTree = "<group>"; };
		840B05B81DB5F1C500E7F2BF /* ColorsStatistics.app */ = {isa = PBXFileReference; explicitFileType = wrapper.application; includeInIndex = 0; path = ColorsStatistics.app; sourceTree = BUILT_PRODUCTS_DIR; };
		840B05BC1DB5F1C500E7F2BF /* main.m */ = {isa = PBXFileReference; lastKnownFileType = sourcecode.c.objc; path = main.m; sourceTree = "<group>"; };
		840B05BE1DB5F1C500E7F2BF /* AppDelegate.h */ = {isa = PBXFileReference; lastKnownFileType = sourcecode.c.h; path = AppDelegate.h; sourceTree = "<group>"; };
		840B05BF1DB5F1C500E7F2BF /* AppDelegate.m */ = {isa = PBXFileReference; lastKnownFileType = sourcecode.c.objc; path = AppDelegate.m; sourceTree = "<group>"; };
		840B05C51DB5F1C500E7F2BF /* Base */ = {isa = PBXFileReference; lastKnownFileType = file.storyboard; name = Base; path = Base.lproj/Main.storyboard; sourceTree = "<group>"; };
		840B05C71DB5F1C500E7F2BF /* Assets.xcassets */ = {isa = PBXFileReference; lastKnownFileType = folder.assetcatalog; path = Assets.xcassets; sourceTree = "<group>"; };
		840B05CA1DB5F1C500E7F2BF /* Base */ = {isa = PBXFileReference; lastKnownFileType = file.storyboard; name = Base; path = Base.lproj/LaunchScreen.storyboard; sourceTree = "<group>"; };
		840B05CC1DB5F1C500E7F2BF /* Info.plist */ = {isa = PBXFileReference; lastKnownFileType = text.plist.xml; path = Info.plist; sourceTree = "<group>"; };
		840B05D51DB5F31100E7F2BF /* TableViewController.h */ = {isa = PBXFileReference; fileEncoding = 4; lastKnownFileType = sourcecode.c.h; path = TableViewController.h; sourceTree = "<group>"; };
		840B05D61DB5F31100E7F2BF /* TableViewController.m */ = {isa = PBXFileReference; fileEncoding = 4; lastKnownFileType = sourcecode.c.objc; path = TableViewController.m; sourceTree = "<group>"; };
		840B05DC1DB5F93000E7F2BF /* BaseXibCell.h */ = {isa = PBXFileReference; fileEncoding = 4; lastKnownFileType = sourcecode.c.h; path = BaseXibCell.h; sourceTree = "<group>"; };
		840B05DD1DB5F93000E7F2BF /* BaseXibCell.m */ = {isa = PBXFileReference; fileEncoding = 4; lastKnownFileType = sourcecode.c.objc; path = BaseXibCell.m; sourceTree = "<group>"; };
		840B05E11DB5FB0200E7F2BF /* TableViewCell.h */ = {isa = PBXFileReference; fileEncoding = 4; lastKnownFileType = sourcecode.c.h; path = TableViewCell.h; sourceTree = "<group>"; };
		840B05E21DB5FB0200E7F2BF /* TableViewCell.m */ = {isa = PBXFileReference; fileEncoding = 4; lastKnownFileType = sourcecode.c.objc; path = TableViewCell.m; sourceTree = "<group>"; };
		840B05E41DB5FBCD00E7F2BF /* TableViewCell.xib */ = {isa = PBXFileReference; fileEncoding = 4; lastKnownFileType = file.xib; path = TableViewCell.xib; sourceTree = "<group>"; };
		840B05E61DB607B900E7F2BF /* Consts.h */ = {isa = PBXFileReference; fileEncoding = 4; lastKnownFileType = sourcecode.c.h; path = Consts.h; sourceTree = "<group>"; };
		840B05E91DB6400300E7F2BF /* UIColorHex.h */ = {isa = PBXFileReference; fileEncoding = 4; lastKnownFileType = sourcecode.c.h; path = UIColorHex.h; sourceTree = "<group>"; };
		840B05EA1DB6400300E7F2BF /* UIColorHex.m */ = {isa = PBXFileReference; fileEncoding = 4; lastKnownFileType = sourcecode.c.objc; path = UIColorHex.m; sourceTree = "<group>"; };
		840B05ED1DB64ABA00E7F2BF /* SQLite3Cursor.h */ = {isa = PBXFileReference; fileEncoding = 4; lastKnownFileType = sourcecode.c.h; path = SQLite3Cursor.h; sourceTree = "<group>"; };
		840B05EE1DB64ABA00E7F2BF /* SQLite3Cursor.m */ = {isa = PBXFileReference; fileEncoding = 4; lastKnownFileType = sourcecode.c.objc; path = SQLite3Cursor.m; sourceTree = "<group>"; };
		840B05EF1DB64ABA00E7F2BF /* SQLite3CursorWindow.h */ = {isa = PBXFileReference; fileEncoding = 4; lastKnownFileType = sourcecode.c.h; path = SQLite3CursorWindow.h; sourceTree = "<group>"; };
		840B05F01DB64ABA00E7F2BF /* SQLite3CursorWindow.m */ = {isa = PBXFileReference; fileEncoding = 4; lastKnownFileType = sourcecode.c.objc; path = SQLite3CursorWindow.m; sourceTree = "<group>"; };
		840B05F11DB64ABA00E7F2BF /* SQLite3CursorWithSelectByRowId.h */ = {isa = PBXFileReference; fileEncoding = 4; lastKnownFileType = sourcecode.c.h; path = SQLite3CursorWithSelectByRowId.h; sourceTree = "<group>"; };
		840B05F21DB64ABA00E7F2BF /* SQLite3CursorWithSelectByRowId.m */ = {isa = PBXFileReference; fileEncoding = 4; lastKnownFileType = sourcecode.c.objc; path = SQLite3CursorWithSelectByRowId.m; sourceTree = "<group>"; };
		840B05F31DB64ABA00E7F2BF /* SQLite3Database.h */ = {isa = PBXFileReference; fileEncoding = 4; lastKnownFileType = sourcecode.c.h; path = SQLite3Database.h; sourceTree = "<group>"; };
		840B05F41DB64ABA00E7F2BF /* SQLite3Database.m */ = {isa = PBXFileReference; fileEncoding = 4; lastKnownFileType = sourcecode.c.objc; path = SQLite3Database.m; sourceTree = "<group>"; };
		840B05F51DB64ABA00E7F2BF /* SQLite3Query.h */ = {isa = PBXFileReference; fileEncoding = 4; lastKnownFileType = sourcecode.c.h; path = SQLite3Query.h; sourceTree = "<group>"; };
		840B05F61DB64ABA00E7F2BF /* SQLite3Query.m */ = {isa = PBXFileReference; fileEncoding = 4; lastKnownFileType = sourcecode.c.objc; path = SQLite3Query.m; sourceTree = "<group>"; };
		840B05FC1DB64E4100E7F2BF /* DataClient.h */ = {isa = PBXFileReference; fileEncoding = 4; lastKnownFileType = sourcecode.c.h; name = DataClient.h; path = ColorsStatistics/DataClient.h; sourceTree = "<group>"; };
		840B05FD1DB64E4100E7F2BF /* DataClient.m */ = {isa = PBXFileReference; fileEncoding = 4; lastKnownFileType = sourcecode.c.objc; name = DataClient.m; path = ColorsStatistics/DataClient.m; sourceTree = "<group>"; };
		840B06001DB7B93500E7F2BF /* BaseDB.h */ = {isa = PBXFileReference; fileEncoding = 4; lastKnownFileType = sourcecode.c.h; path = BaseDB.h; sourceTree = "<group>"; };
		840B06011DB7B93500E7F2BF /* BaseDB.m */ = {isa = PBXFileReference; fileEncoding = 4; lastKnownFileType = sourcecode.c.objc; path = BaseDB.m; sourceTree = "<group>"; };
		840B06031DB7B9B200E7F2BF /* NicheDB.h */ = {isa = PBXFileReference; fileEncoding = 4; lastKnownFileType = sourcecode.c.h; path = NicheDB.h; sourceTree = "<group>"; };
		840B06041DB7B9B200E7F2BF /* NicheDB.m */ = {isa = PBXFileReference; fileEncoding = 4; lastKnownFileType = sourcecode.c.objc; path = NicheDB.m; sourceTree = "<group>"; };
		840B060A1DB7BEBD00E7F2BF /* niche.db.1.sql */ = {isa = PBXFileReference; fileEncoding = 4; lastKnownFileType = text; path = niche.db.1.sql; sourceTree = "<group>"; };
		840B073B1DB7D1BE00E7F2BF /* libsqlite3.tbd */ = {isa = PBXFileReference; lastKnownFileType = "sourcecode.text-based-dylib-definition"; name = libsqlite3.tbd; path = usr/lib/libsqlite3.tbd; sourceTree = SDKROOT; };
		840B073D1DB7D94500E7F2BF /* NicheModel.h */ = {isa = PBXFileReference; fileEncoding = 4; lastKnownFileType = sourcecode.c.h; name = NicheModel.h; path = ColorsStatistics/NicheModel.h; sourceTree = "<group>"; };
		840B073E1DB7D94500E7F2BF /* NicheModel.m */ = {isa = PBXFileReference; fileEncoding = 4; lastKnownFileType = sourcecode.c.objc; name = NicheModel.m; path = ColorsStatistics/NicheModel.m; sourceTree = "<group>"; };
		84D17DAB1DD6F978008CD05C /* ViewModel.h */ = {isa = PBXFileReference; fileEncoding = 4; lastKnownFileType = sourcecode.c.h; path = ViewModel.h; sourceTree = "<group>"; };
		84D17DAC1DD6F978008CD05C /* ViewModel.m */ = {isa = PBXFileReference; fileEncoding = 4; lastKnownFileType = sourcecode.c.objc; path = ViewModel.m; sourceTree = "<group>"; };
		84E9F4BF1DFBEB100038897E /* ColorsStatisticsTests.xctest */ = {isa = PBXFileReference; explicitFileType = wrapper.cfbundle; includeInIndex = 0; path = ColorsStatisticsTests.xctest; sourceTree = BUILT_PRODUCTS_DIR; };
		84E9F4C11DFBEB100038897E /* ColorsStatisticsTests.m */ = {isa = PBXFileReference; lastKnownFileType = sourcecode.c.objc; path = ColorsStatisticsTests.m; sourceTree = "<group>"; };
		84E9F4C31DFBEB100038897E /* Info.plist */ = {isa = PBXFileReference; lastKnownFileType = text.plist.xml; path = Info.plist; sourceTree = "<group>"; };
		84E9F4CA1DFBEE0C0038897E /* statistics.json */ = {isa = PBXFileReference; fileEncoding = 4; lastKnownFileType = text.json; path = statistics.json; sourceTree = "<group>"; };
		9600B12E7866598913459B99 /* Pods_ColorsStatistics.framework */ = {isa = PBXFileReference; explicitFileType = wrapper.framework; includeInIndex = 0; path = Pods_ColorsStatistics.framework; sourceTree = BUILT_PRODUCTS_DIR; };
		B0F016C6FABA11A3CA03683D /* Pods-ColorsStatisticsTests.release.xcconfig */ = {isa = PBXFileReference; includeInIndex = 1; lastKnownFileType = text.xcconfig; name = "Pods-ColorsStatisticsTests.release.xcconfig"; path = "Pods/Target Support Files/Pods-ColorsStatisticsTests/Pods-ColorsStatisticsTests.release.xcconfig"; sourceTree = "<group>"; };
		CA8F9D89A37F9BDA8BE31E3C /* Pods-ColorsStatistics.release.xcconfig */ = {isa = PBXFileReference; includeInIndex = 1; lastKnownFileType = text.xcconfig; name = "Pods-ColorsStatistics.release.xcconfig"; path = "Pods/Target Support Files/Pods-ColorsStatistics/Pods-ColorsStatistics.release.xcconfig"; sourceTree = "<group>"; };
/* End PBXFileReference section */

/* Begin PBXFrameworksBuildPhase section */
		840B05B51DB5F1C500E7F2BF /* Frameworks */ = {
			isa = PBXFrameworksBuildPhase;
			buildActionMask = 2147483647;
			files = (
				840B073C1DB7D1BE00E7F2BF /* libsqlite3.tbd in Frameworks */,
				4CDDFF34D43BFF46F23DAD13 /* Pods_ColorsStatistics.framework in Frameworks */,
			);
			runOnlyForDeploymentPostprocessing = 0;
		};
		84E9F4BC1DFBEB100038897E /* Frameworks */ = {
			isa = PBXFrameworksBuildPhase;
			buildActionMask = 2147483647;
			files = (
				121F1B455C4054D6934A7590 /* Pods_ColorsStatisticsTests.framework in Frameworks */,
			);
			runOnlyForDeploymentPostprocessing = 0;
		};
/* End PBXFrameworksBuildPhase section */

/* Begin PBXGroup section */
		405C2483C6CA4BE2077AB4BB /* Pods */ = {
			isa = PBXGroup;
			children = (
				2853DD2B81C1A898A274D2CE /* Pods-ColorsStatistics.debug.xcconfig */,
				CA8F9D89A37F9BDA8BE31E3C /* Pods-ColorsStatistics.release.xcconfig */,
				66AA625F00C1A3B523207EF6 /* Pods-ColorsStatisticsTests.debug.xcconfig */,
				B0F016C6FABA11A3CA03683D /* Pods-ColorsStatisticsTests.release.xcconfig */,
			);
			name = Pods;
			sourceTree = "<group>";
		};
		7F11342C42A1527DF92E3657 /* Frameworks */ = {
			isa = PBXGroup;
			children = (
				9600B12E7866598913459B99 /* Pods_ColorsStatistics.framework */,
				3215EF597A5A869C316D1262 /* Pods_ColorsStatisticsTests.framework */,
			);
			name = Frameworks;
			sourceTree = "<group>";
		};
		840B05AF1DB5F1C500E7F2BF = {
			isa = PBXGroup;
			children = (
				840B05E61DB607B900E7F2BF /* Consts.h */,
				840B05BA1DB5F1C500E7F2BF /* ColorsStatistics */,
				840B05D81DB5F67100E7F2BF /* View */,
				84D17DAA1DD6F843008CD05C /* ViewModel */,
				84D17DA91DD6F7B4008CD05C /* Model */,
				840B05FF1DB7B92400E7F2BF /* DB */,
				840B05EC1DB64A9F00E7F2BF /* SQLite */,
				840B06091DB7BE8500E7F2BF /* Recources */,
				84E9F4C01DFBEB100038897E /* ColorsStatisticsTests */,
				840B05B91DB5F1C500E7F2BF /* Products */,
				405C2483C6CA4BE2077AB4BB /* Pods */,
				7F11342C42A1527DF92E3657 /* Frameworks */,
			);
			sourceTree = "<group>";
		};
		840B05B91DB5F1C500E7F2BF /* Products */ = {
			isa = PBXGroup;
			children = (
				840B05B81DB5F1C500E7F2BF /* ColorsStatistics.app */,
				84E9F4BF1DFBEB100038897E /* ColorsStatisticsTests.xctest */,
			);
			name = Products;
			sourceTree = "<group>";
		};
		840B05BA1DB5F1C500E7F2BF /* ColorsStatistics */ = {
			isa = PBXGroup;
			children = (
				840B05BE1DB5F1C500E7F2BF /* AppDelegate.h */,
				840B05BF1DB5F1C500E7F2BF /* AppDelegate.m */,
				840B05E91DB6400300E7F2BF /* UIColorHex.h */,
				840B05EA1DB6400300E7F2BF /* UIColorHex.m */,
				840B05C41DB5F1C500E7F2BF /* Main.storyboard */,
				840B05C71DB5F1C500E7F2BF /* Assets.xcassets */,
				840B05C91DB5F1C500E7F2BF /* LaunchScreen.storyboard */,
				840B05CC1DB5F1C500E7F2BF /* Info.plist */,
				840B05BB1DB5F1C500E7F2BF /* Supporting Files */,
			);
			path = ColorsStatistics;
			sourceTree = "<group>";
		};
		840B05BB1DB5F1C500E7F2BF /* Supporting Files */ = {
			isa = PBXGroup;
			children = (
				840B05BC1DB5F1C500E7F2BF /* main.m */,
			);
			name = "Supporting Files";
			sourceTree = "<group>";
		};
		840B05D81DB5F67100E7F2BF /* View */ = {
			isa = PBXGroup;
			children = (
				840B073B1DB7D1BE00E7F2BF /* libsqlite3.tbd */,
				840B05D51DB5F31100E7F2BF /* TableViewController.h */,
				840B05D61DB5F31100E7F2BF /* TableViewController.m */,
				840B05DC1DB5F93000E7F2BF /* BaseXibCell.h */,
				840B05DD1DB5F93000E7F2BF /* BaseXibCell.m */,
				840B05E11DB5FB0200E7F2BF /* TableViewCell.h */,
				840B05E21DB5FB0200E7F2BF /* TableViewCell.m */,
				840B05E41DB5FBCD00E7F2BF /* TableViewCell.xib */,
			);
			name = View;
			sourceTree = "<group>";
		};
		840B05EC1DB64A9F00E7F2BF /* SQLite */ = {
			isa = PBXGroup;
			children = (
				840B05ED1DB64ABA00E7F2BF /* SQLite3Cursor.h */,
				840B05EE1DB64ABA00E7F2BF /* SQLite3Cursor.m */,
				840B05EF1DB64ABA00E7F2BF /* SQLite3CursorWindow.h */,
				840B05F01DB64ABA00E7F2BF /* SQLite3CursorWindow.m */,
				840B05F11DB64ABA00E7F2BF /* SQLite3CursorWithSelectByRowId.h */,
				840B05F21DB64ABA00E7F2BF /* SQLite3CursorWithSelectByRowId.m */,
				840B05F31DB64ABA00E7F2BF /* SQLite3Database.h */,
				840B05F41DB64ABA00E7F2BF /* SQLite3Database.m */,
				840B05F51DB64ABA00E7F2BF /* SQLite3Query.h */,
				840B05F61DB64ABA00E7F2BF /* SQLite3Query.m */,
			);
			name = SQLite;
			sourceTree = "<group>";
		};
		840B05FF1DB7B92400E7F2BF /* DB */ = {
			isa = PBXGroup;
			children = (
				840B06001DB7B93500E7F2BF /* BaseDB.h */,
				840B06011DB7B93500E7F2BF /* BaseDB.m */,
				840B06031DB7B9B200E7F2BF /* NicheDB.h */,
				840B06041DB7B9B200E7F2BF /* NicheDB.m */,
			);
			name = DB;
			sourceTree = "<group>";
		};
		840B06091DB7BE8500E7F2BF /* Recources */ = {
			isa = PBXGroup;
			children = (
				840B060A1DB7BEBD00E7F2BF /* niche.db.1.sql */,
			);
			name = Recources;
			sourceTree = "<group>";
		};
		84D17DA91DD6F7B4008CD05C /* Model */ = {
			isa = PBXGroup;
			children = (
				840B073D1DB7D94500E7F2BF /* NicheModel.h */,
				840B073E1DB7D94500E7F2BF /* NicheModel.m */,
				840B05FC1DB64E4100E7F2BF /* DataClient.h */,
				840B05FD1DB64E4100E7F2BF /* DataClient.m */,
			);
			name = Model;
			sourceTree = "<group>";
		};
		84D17DAA1DD6F843008CD05C /* ViewModel */ = {
			isa = PBXGroup;
			children = (
				84D17DAB1DD6F978008CD05C /* ViewModel.h */,
				84D17DAC1DD6F978008CD05C /* ViewModel.m */,
			);
			name = ViewModel;
			sourceTree = "<group>";
		};
		84E9F4C01DFBEB100038897E /* ColorsStatisticsTests */ = {
			isa = PBXGroup;
			children = (
				84E9F4C91DFBEDEF0038897E /* Stubs */,
				84E9F4C11DFBEB100038897E /* ColorsStatisticsTests.m */,
				84E9F4C31DFBEB100038897E /* Info.plist */,
			);
			path = ColorsStatisticsTests;
			sourceTree = "<group>";
		};
		84E9F4C91DFBEDEF0038897E /* Stubs */ = {
			isa = PBXGroup;
			children = (
				84E9F4CA1DFBEE0C0038897E /* statistics.json */,
			);
			name = Stubs;
			sourceTree = "<group>";
		};
/* End PBXGroup section */

/* Begin PBXNativeTarget section */
		840B05B71DB5F1C500E7F2BF /* ColorsStatistics */ = {
			isa = PBXNativeTarget;
			buildConfigurationList = 840B05CF1DB5F1C500E7F2BF /* Build configuration list for PBXNativeTarget "ColorsStatistics" */;
			buildPhases = (
				535F3B9218562365DCC8972A /* [CP] Check Pods Manifest.lock */,
				840B05B41DB5F1C500E7F2BF /* Sources */,
				840B05B51DB5F1C500E7F2BF /* Frameworks */,
				840B05B61DB5F1C500E7F2BF /* Resources */,
				5D774CE651B4E9622D88C53E /* [CP] Embed Pods Frameworks */,
				585CE998EA2816BB168CB139 /* [CP] Copy Pods Resources */,
			);
			buildRules = (
			);
			dependencies = (
			);
			name = ColorsStatistics;
			productName = ColorsStatistics;
			productReference = 840B05B81DB5F1C500E7F2BF /* ColorsStatistics.app */;
			productType = "com.apple.product-type.application";
		};
		84E9F4BE1DFBEB100038897E /* ColorsStatisticsTests */ = {
			isa = PBXNativeTarget;
			buildConfigurationList = 84E9F4C81DFBEB100038897E /* Build configuration list for PBXNativeTarget "ColorsStatisticsTests" */;
			buildPhases = (
				35033C19E62B601342B8AA6F /* [CP] Check Pods Manifest.lock */,
				84E9F4BB1DFBEB100038897E /* Sources */,
				84E9F4BC1DFBEB100038897E /* Frameworks */,
				84E9F4BD1DFBEB100038897E /* Resources */,
				FD537A31BF96E04C0162722A /* [CP] Embed Pods Frameworks */,
				CAECD7544066BABB8102F1F3 /* [CP] Copy Pods Resources */,
			);
			buildRules = (
			);
			dependencies = (
				84E9F4C51DFBEB100038897E /* PBXTargetDependency */,
			);
			name = ColorsStatisticsTests;
			productName = ColorsStatisticsTests;
			productReference = 84E9F4BF1DFBEB100038897E /* ColorsStatisticsTests.xctest */;
			productType = "com.apple.product-type.bundle.unit-test";
		};
/* End PBXNativeTarget section */

/* Begin PBXProject section */
		840B05B01DB5F1C500E7F2BF /* Project object */ = {
			isa = PBXProject;
			attributes = {
				LastUpgradeCheck = 0730;
				ORGANIZATIONNAME = Admin;
				TargetAttributes = {
					840B05B71DB5F1C500E7F2BF = {
						CreatedOnToolsVersion = 7.3.1;
					};
					84E9F4BE1DFBEB100038897E = {
						CreatedOnToolsVersion = 7.3.1;
						DevelopmentTeam = 78CXM57KJ4;
						TestTargetID = 840B05B71DB5F1C500E7F2BF;
					};
				};
			};
			buildConfigurationList = 840B05B31DB5F1C500E7F2BF /* Build configuration list for PBXProject "ColorsStatistics" */;
			compatibilityVersion = "Xcode 3.2";
			developmentRegion = English;
			hasScannedForEncodings = 0;
			knownRegions = (
				en,
				Base,
			);
			mainGroup = 840B05AF1DB5F1C500E7F2BF;
			productRefGroup = 840B05B91DB5F1C500E7F2BF /* Products */;
			projectDirPath = "";
			projectRoot = "";
			targets = (
				840B05B71DB5F1C500E7F2BF /* ColorsStatistics */,
				84E9F4BE1DFBEB100038897E /* ColorsStatisticsTests */,
			);
		};
/* End PBXProject section */

/* Begin PBXResourcesBuildPhase section */
		840B05B61DB5F1C500E7F2BF /* Resources */ = {
			isa = PBXResourcesBuildPhase;
			buildActionMask = 2147483647;
			files = (
				840B05CB1DB5F1C500E7F2BF /* LaunchScreen.storyboard in Resources */,
				840B05E51DB5FBCD00E7F2BF /* TableViewCell.xib in Resources */,
				840B060B1DB7BEBD00E7F2BF /* niche.db.1.sql in Resources */,
				840B05C81DB5F1C500E7F2BF /* Assets.xcassets in Resources */,
				840B05C61DB5F1C500E7F2BF /* Main.storyboard in Resources */,
			);
			runOnlyForDeploymentPostprocessing = 0;
		};
		84E9F4BD1DFBEB100038897E /* Resources */ = {
			isa = PBXResourcesBuildPhase;
			buildActionMask = 2147483647;
			files = (
				84E9F4CB1DFBEE0C0038897E /* statistics.json in Resources */,
			);
			runOnlyForDeploymentPostprocessing = 0;
		};
/* End PBXResourcesBuildPhase section */

/* Begin PBXShellScriptBuildPhase section */
		35033C19E62B601342B8AA6F /* [CP] Check Pods Manifest.lock */ = {
			isa = PBXShellScriptBuildPhase;
			buildActionMask = 2147483647;
			files = (
			);
			inputPaths = (
			);
			name = "[CP] Check Pods Manifest.lock";
			outputPaths = (
			);
			runOnlyForDeploymentPostprocessing = 0;
			shellPath = /bin/sh;
			shellScript = "diff \"${PODS_ROOT}/../Podfile.lock\" \"${PODS_ROOT}/Manifest.lock\" > /dev/null\nif [ $? != 0 ] ; then\n    # print error to STDERR\n    echo \"error: The sandbox is not in sync with the Podfile.lock. Run 'pod install' or update your CocoaPods installation.\" >&2\n    exit 1\nfi\n";
			showEnvVarsInLog = 0;
		};
		535F3B9218562365DCC8972A /* [CP] Check Pods Manifest.lock */ = {
			isa = PBXShellScriptBuildPhase;
			buildActionMask = 2147483647;
			files = (
			);
			inputPaths = (
			);
			name = "[CP] Check Pods Manifest.lock";
			outputPaths = (
			);
			runOnlyForDeploymentPostprocessing = 0;
			shellPath = /bin/sh;
			shellScript = "diff \"${PODS_ROOT}/../Podfile.lock\" \"${PODS_ROOT}/Manifest.lock\" > /dev/null\nif [ $? != 0 ] ; then\n    # print error to STDERR\n    echo \"error: The sandbox is not in sync with the Podfile.lock. Run 'pod install' or update your CocoaPods installation.\" >&2\n    exit 1\nfi\n";
			showEnvVarsInLog = 0;
		};
		585CE998EA2816BB168CB139 /* [CP] Copy Pods Resources */ = {
			isa = PBXShellScriptBuildPhase;
			buildActionMask = 2147483647;
			files = (
			);
			inputPaths = (
			);
			name = "[CP] Copy Pods Resources";
			outputPaths = (
			);
			runOnlyForDeploymentPostprocessing = 0;
			shellPath = /bin/sh;
			shellScript = "\"${SRCROOT}/Pods/Target Support Files/Pods-ColorsStatistics/Pods-ColorsStatistics-resources.sh\"\n";
			showEnvVarsInLog = 0;
		};
		5D774CE651B4E9622D88C53E /* [CP] Embed Pods Frameworks */ = {
			isa = PBXShellScriptBuildPhase;
			buildActionMask = 2147483647;
			files = (
			);
			inputPaths = (
			);
			name = "[CP] Embed Pods Frameworks";
			outputPaths = (
			);
			runOnlyForDeploymentPostprocessing = 0;
			shellPath = /bin/sh;
			shellScript = "\"${SRCROOT}/Pods/Target Support Files/Pods-ColorsStatistics/Pods-ColorsStatistics-frameworks.sh\"\n";
			showEnvVarsInLog = 0;
		};
		CAECD7544066BABB8102F1F3 /* [CP] Copy Pods Resources */ = {
			isa = PBXShellScriptBuildPhase;
			buildActionMask = 2147483647;
			files = (
			);
			inputPaths = (
			);
			name = "[CP] Copy Pods Resources";
			outputPaths = (
			);
			runOnlyForDeploymentPostprocessing = 0;
			shellPath = /bin/sh;
			shellScript = "\"${SRCROOT}/Pods/Target Support Files/Pods-ColorsStatisticsTests/Pods-ColorsStatisticsTests-resources.sh\"\n";
			showEnvVarsInLog = 0;
		};
		FD537A31BF96E04C0162722A /* [CP] Embed Pods Frameworks */ = {
			isa = PBXShellScriptBuildPhase;
			buildActionMask = 2147483647;
			files = (
			);
			inputPaths = (
			);
			name = "[CP] Embed Pods Frameworks";
			outputPaths = (
			);
			runOnlyForDeploymentPostprocessing = 0;
			shellPath = /bin/sh;
			shellScript = "\"${SRCROOT}/Pods/Target Support Files/Pods-ColorsStatisticsTests/Pods-ColorsStatisticsTests-frameworks.sh\"\n";
			showEnvVarsInLog = 0;
		};
/* End PBXShellScriptBuildPhase section */

/* Begin PBXSourcesBuildPhase section */
		840B05B41DB5F1C500E7F2BF /* Sources */ = {
			isa = PBXSourcesBuildPhase;
			buildActionMask = 2147483647;
			files = (
				840B05FB1DB64ABA00E7F2BF /* SQLite3Query.m in Sources */,
				840B05DE1DB5F93000E7F2BF /* BaseXibCell.m in Sources */,
				84D17DAD1DD6F978008CD05C /* ViewModel.m in Sources */,
				840B06021DB7B93500E7F2BF /* BaseDB.m in Sources */,
				840B05E31DB5FB0200E7F2BF /* TableViewCell.m in Sources */,
				840B05FA1DB64ABA00E7F2BF /* SQLite3Database.m in Sources */,
				840B05EB1DB6400300E7F2BF /* UIColorHex.m in Sources */,
				840B05F91DB64ABA00E7F2BF /* SQLite3CursorWithSelectByRowId.m in Sources */,
				840B05F81DB64ABA00E7F2BF /* SQLite3CursorWindow.m in Sources */,
				840B05F71DB64ABA00E7F2BF /* SQLite3Cursor.m in Sources */,
				840B06051DB7B9B200E7F2BF /* NicheDB.m in Sources */,
				840B05FE1DB64E4100E7F2BF /* DataClient.m in Sources */,
				840B073F1DB7D94500E7F2BF /* NicheModel.m in Sources */,
				840B05C01DB5F1C500E7F2BF /* AppDelegate.m in Sources */,
				840B05BD1DB5F1C500E7F2BF /* main.m in Sources */,
				840B05D71DB5F31100E7F2BF /* TableViewController.m in Sources */,
			);
			runOnlyForDeploymentPostprocessing = 0;
		};
		84E9F4BB1DFBEB100038897E /* Sources */ = {
			isa = PBXSourcesBuildPhase;
			buildActionMask = 2147483647;
			files = (
				84E9F4C21DFBEB100038897E /* ColorsStatisticsTests.m in Sources */,
			);
			runOnlyForDeploymentPostprocessing = 0;
		};
/* End PBXSourcesBuildPhase section */

/* Begin PBXTargetDependency section */
		84E9F4C51DFBEB100038897E /* PBXTargetDependency */ = {
			isa = PBXTargetDependency;
			target = 840B05B71DB5F1C500E7F2BF /* ColorsStatistics */;
			targetProxy = 84E9F4C41DFBEB100038897E /* PBXContainerItemProxy */;
		};
/* End PBXTargetDependency section */

/* Begin PBXVariantGroup section */
		840B05C41DB5F1C500E7F2BF /* Main.storyboard */ = {
			isa = PBXVariantGroup;
			children = (
				840B05C51DB5F1C500E7F2BF /* Base */,
			);
			name = Main.storyboard;
			sourceTree = "<group>";
		};
		840B05C91DB5F1C500E7F2BF /* LaunchScreen.storyboard */ = {
			isa = PBXVariantGroup;
			children = (
				840B05CA1DB5F1C500E7F2BF /* Base */,
			);
			name = LaunchScreen.storyboard;
			sourceTree = "<group>";
		};
/* End PBXVariantGroup section */

/* Begin XCBuildConfiguration section */
		840B05CD1DB5F1C500E7F2BF /* Debug */ = {
			isa = XCBuildConfiguration;
			buildSettings = {
				ALWAYS_SEARCH_USER_PATHS = NO;
				CLANG_ANALYZER_NONNULL = YES;
				CLANG_CXX_LANGUAGE_STANDARD = "gnu++0x";
				CLANG_CXX_LIBRARY = "libc++";
				CLANG_ENABLE_MODULES = YES;
				CLANG_ENABLE_OBJC_ARC = YES;
				CLANG_WARN_BOOL_CONVERSION = YES;
				CLANG_WARN_CONSTANT_CONVERSION = YES;
				CLANG_WARN_DIRECT_OBJC_ISA_USAGE = YES_ERROR;
				CLANG_WARN_EMPTY_BODY = YES;
				CLANG_WARN_ENUM_CONVERSION = YES;
				CLANG_WARN_INT_CONVERSION = YES;
				CLANG_WARN_OBJC_ROOT_CLASS = YES_ERROR;
				CLANG_WARN_UNREACHABLE_CODE = YES;
				CLANG_WARN__DUPLICATE_METHOD_MATCH = YES;
				"CODE_SIGN_IDENTITY[sdk=iphoneos*]" = "iPhone Developer";
				COPY_PHASE_STRIP = NO;
				DEBUG_INFORMATION_FORMAT = dwarf;
				ENABLE_STRICT_OBJC_MSGSEND = YES;
				ENABLE_TESTABILITY = YES;
				GCC_C_LANGUAGE_STANDARD = gnu99;
				GCC_DYNAMIC_NO_PIC = NO;
				GCC_NO_COMMON_BLOCKS = YES;
				GCC_OPTIMIZATION_LEVEL = 0;
				GCC_PREPROCESSOR_DEFINITIONS = (
					"DEBUG=1",
					"$(inherited)",
				);
				GCC_WARN_64_TO_32_BIT_CONVERSION = YES;
				GCC_WARN_ABOUT_RETURN_TYPE = YES_ERROR;
				GCC_WARN_UNDECLARED_SELECTOR = YES;
				GCC_WARN_UNINITIALIZED_AUTOS = YES_AGGRESSIVE;
				GCC_WARN_UNUSED_FUNCTION = YES;
				GCC_WARN_UNUSED_VARIABLE = YES;
				IPHONEOS_DEPLOYMENT_TARGET = 9.3;
				MTL_ENABLE_DEBUG_INFO = YES;
				ONLY_ACTIVE_ARCH = YES;
				SDKROOT = iphoneos;
				TARGETED_DEVICE_FAMILY = "1,2";
			};
			name = Debug;
		};
		840B05CE1DB5F1C500E7F2BF /* Release */ = {
			isa = XCBuildConfiguration;
			buildSettings = {
				ALWAYS_SEARCH_USER_PATHS = NO;
				CLANG_ANALYZER_NONNULL = YES;
				CLANG_CXX_LANGUAGE_STANDARD = "gnu++0x";
				CLANG_CXX_LIBRARY = "libc++";
				CLANG_ENABLE_MODULES = YES;
				CLANG_ENABLE_OBJC_ARC = YES;
				CLANG_WARN_BOOL_CONVERSION = YES;
				CLANG_WARN_CONSTANT_CONVERSION = YES;
				CLANG_WARN_DIRECT_OBJC_ISA_USAGE = YES_ERROR;
				CLANG_WARN_EMPTY_BODY = YES;
				CLANG_WARN_ENUM_CONVERSION = YES;
				CLANG_WARN_INT_CONVERSION = YES;
				CLANG_WARN_OBJC_ROOT_CLASS = YES_ERROR;
				CLANG_WARN_UNREACHABLE_CODE = YES;
				CLANG_WARN__DUPLICATE_METHOD_MATCH = YES;
				"CODE_SIGN_IDENTITY[sdk=iphoneos*]" = "iPhone Developer";
				COPY_PHASE_STRIP = NO;
				DEBUG_INFORMATION_FORMAT = "dwarf-with-dsym";
				ENABLE_NS_ASSERTIONS = NO;
				ENABLE_STRICT_OBJC_MSGSEND = YES;
				GCC_C_LANGUAGE_STANDARD = gnu99;
				GCC_NO_COMMON_BLOCKS = YES;
				GCC_WARN_64_TO_32_BIT_CONVERSION = YES;
				GCC_WARN_ABOUT_RETURN_TYPE = YES_ERROR;
				GCC_WARN_UNDECLARED_SELECTOR = YES;
				GCC_WARN_UNINITIALIZED_AUTOS = YES_AGGRESSIVE;
				GCC_WARN_UNUSED_FUNCTION = YES;
				GCC_WARN_UNUSED_VARIABLE = YES;
				IPHONEOS_DEPLOYMENT_TARGET = 9.3;
				MTL_ENABLE_DEBUG_INFO = NO;
				SDKROOT = iphoneos;
				TARGETED_DEVICE_FAMILY = "1,2";
				VALIDATE_PRODUCT = YES;
			};
			name = Release;
		};
		840B05D01DB5F1C500E7F2BF /* Debug */ = {
			isa = XCBuildConfiguration;
			baseConfigurationReference = 2853DD2B81C1A898A274D2CE /* Pods-ColorsStatistics.debug.xcconfig */;
			buildSettings = {
				ASSETCATALOG_COMPILER_APPICON_NAME = AppIcon;
				GCC_PREPROCESSOR_DEFINITIONS = (
					SQLITE_OMIT_AUTORESET,
					SQLITE_ENABLE_UNICODE,
					SQLITE_CORE,
					"$(inherited)",
				);
				INFOPLIST_FILE = ColorsStatistics/Info.plist;
				IPHONEOS_DEPLOYMENT_TARGET = 8.0;
				LD_RUNPATH_SEARCH_PATHS = "$(inherited) @executable_path/Frameworks";
				OTHER_CFLAGS = "-DIS_TEST=0";
				PRODUCT_BUNDLE_IDENTIFIER = org1.ColorsStatistics;
				PRODUCT_NAME = "$(TARGET_NAME)";
				TARGETED_DEVICE_FAMILY = 1;
			};
			name = Debug;
		};
		840B05D11DB5F1C500E7F2BF /* Release */ = {
			isa = XCBuildConfiguration;
			baseConfigurationReference = CA8F9D89A37F9BDA8BE31E3C /* Pods-ColorsStatistics.release.xcconfig */;
			buildSettings = {
				ASSETCATALOG_COMPILER_APPICON_NAME = AppIcon;
				GCC_PREPROCESSOR_DEFINITIONS = (
					SQLITE_OMIT_AUTORESET,
					SQLITE_ENABLE_UNICODE,
					SQLITE_CORE,
					"RELEASE=1",
				);
				INFOPLIST_FILE = ColorsStatistics/Info.plist;
				IPHONEOS_DEPLOYMENT_TARGET = 8.0;
				LD_RUNPATH_SEARCH_PATHS = "$(inherited) @executable_path/Frameworks";
				PRODUCT_BUNDLE_IDENTIFIER = org1.ColorsStatistics;
				PRODUCT_NAME = "$(TARGET_NAME)";
				TARGETED_DEVICE_FAMILY = 1;
			};
			name = Release;
		};
		84E9F4C61DFBEB100038897E /* Debug */ = {
			isa = XCBuildConfiguration;
			baseConfigurationReference = 66AA625F00C1A3B523207EF6 /* Pods-ColorsStatisticsTests.debug.xcconfig */;
			buildSettings = {
				BUNDLE_LOADER = "$(TEST_HOST)";
				INFOPLIST_FILE = ColorsStatisticsTests/Info.plist;
				LD_RUNPATH_SEARCH_PATHS = "$(inherited) @executable_path/Frameworks @loader_path/Frameworks";
				PRODUCT_BUNDLE_IDENTIFIER = org1.ColorsStatisticsTests;
				PRODUCT_NAME = "$(TARGET_NAME)";
				TEST_HOST = "$(BUILT_PRODUCTS_DIR)/ColorsStatistics.app/ColorsStatistics";
			};
			name = Debug;
		};
		84E9F4C71DFBEB100038897E /* Release */ = {
			isa = XCBuildConfiguration;
			baseConfigurationReference = B0F016C6FABA11A3CA03683D /* Pods-ColorsStatisticsTests.release.xcconfig */;
			buildSettings = {
				BUNDLE_LOADER = "$(TEST_HOST)";
				INFOPLIST_FILE = ColorsStatisticsTests/Info.plist;
				LD_RUNPATH_SEARCH_PATHS = "$(inherited) @executable_path/Frameworks @loader_path/Frameworks";
				PRODUCT_BUNDLE_IDENTIFIER = org1.ColorsStatisticsTests;
				PRODUCT_NAME = "$(TARGET_NAME)";
				TEST_HOST = "$(BUILT_PRODUCTS_DIR)/ColorsStatistics.app/ColorsStatistics";
			};
			name = Release;
		};
/* End XCBuildConfiguration section */

/* Begin XCConfigurationList section */
		840B05B31DB5F1C500E7F2BF /* Build configuration list for PBXProject "ColorsStatistics" */ = {
			isa = XCConfigurationList;
			buildConfigurations = (
				840B05CD1DB5F1C500E7F2BF /* Debug */,
				840B05CE1DB5F1C500E7F2BF /* Release */,
			);
			defaultConfigurationIsVisible = 0;
			defaultConfigurationName = Release;
		};
		840B05CF1DB5F1C500E7F2BF /* Build configuration list for PBXNativeTarget "ColorsStatistics" */ = {
			isa = XCConfigurationList;
			buildConfigurations = (
				840B05D01DB5F1C500E7F2BF /* Debug */,
				840B05D11DB5F1C500E7F2BF /* Release */,
			);
			defaultConfigurationIsVisible = 0;
			defaultConfigurationName = Release;
		};
		84E9F4C81DFBEB100038897E /* Build configuration list for PBXNativeTarget "ColorsStatisticsTests" */ = {
			isa = XCConfigurationList;
			buildConfigurations = (
				84E9F4C61DFBEB100038897E /* Debug */,
				84E9F4C71DFBEB100038897E /* Release */,
			);
			defaultConfigurationIsVisible = 0;
			defaultConfigurationName = Release;
		};
/* End XCConfigurationList section */
	};
	rootObject = 840B05B01DB5F1C500E7F2BF /* Project object */;
}
