// !$*UTF8*$!
{
	archiveVersion = 1;
	classes = {
	};
	objectVersion = 48;
	objects = {

/* Begin PBXBuildFile section */
		5BEB349C360A3956C01F0A46 /* Pods_sibedgeTests.framework in Frameworks */ = {isa = PBXBuildFile; fileRef = 3787484FB5037C67094D8C80 /* Pods_sibedgeTests.framework */; };
		D2992C9F2051AC0C00043254 /* AppDelegate.swift in Sources */ = {isa = PBXBuildFile; fileRef = D2992C9E2051AC0C00043254 /* AppDelegate.swift */; };
		D2992CA12051AC0C00043254 /* RecipesViewController.swift in Sources */ = {isa = PBXBuildFile; fileRef = D2992CA02051AC0C00043254 /* RecipesViewController.swift */; };
		D2992CA42051AC0C00043254 /* Main.storyboard in Resources */ = {isa = PBXBuildFile; fileRef = D2992CA22051AC0C00043254 /* Main.storyboard */; };
		D2992CA62051AC0C00043254 /* Assets.xcassets in Resources */ = {isa = PBXBuildFile; fileRef = D2992CA52051AC0C00043254 /* Assets.xcassets */; };
		D2992CA92051AC0C00043254 /* LaunchScreen.storyboard in Resources */ = {isa = PBXBuildFile; fileRef = D2992CA72051AC0C00043254 /* LaunchScreen.storyboard */; };
		D2992CB42051AC0C00043254 /* sibedgeTests.swift in Sources */ = {isa = PBXBuildFile; fileRef = D2992CB32051AC0C00043254 /* sibedgeTests.swift */; };
		D2992CBF2051AC0C00043254 /* sibedgeUITests.swift in Sources */ = {isa = PBXBuildFile; fileRef = D2992CBE2051AC0C00043254 /* sibedgeUITests.swift */; };
		D2992CD12051AF1D00043254 /* Recipe.swift in Sources */ = {isa = PBXBuildFile; fileRef = D2992CD02051AF1D00043254 /* Recipe.swift */; };
		D2992CD32051B22200043254 /* SibedgeService.swift in Sources */ = {isa = PBXBuildFile; fileRef = D2992CD22051B22200043254 /* SibedgeService.swift */; };
		D2992CD520527F1200043254 /* RecipesViewModel.swift in Sources */ = {isa = PBXBuildFile; fileRef = D2992CD420527F1200043254 /* RecipesViewModel.swift */; };
		D2992CD72052896300043254 /* RecipeCellTableViewCell.swift in Sources */ = {isa = PBXBuildFile; fileRef = D2992CD62052896300043254 /* RecipeCellTableViewCell.swift */; };
		D2992CD92052E48500043254 /* RecipeDetailViewController.swift in Sources */ = {isa = PBXBuildFile; fileRef = D2992CD82052E48400043254 /* RecipeDetailViewController.swift */; };
		D2992CDC2052ED4100043254 /* RecipeViewModel.swift in Sources */ = {isa = PBXBuildFile; fileRef = D2992CDB2052ED4100043254 /* RecipeViewModel.swift */; };
		DD426644BEC6560BBDB00E7C /* Pods_sibedgeUITests.framework in Frameworks */ = {isa = PBXBuildFile; fileRef = 2133DFDE6A963AAB7983CAB4 /* Pods_sibedgeUITests.framework */; };
		E2AD3DD2ABD4BC731223054F /* Pods_sibedge.framework in Frameworks */ = {isa = PBXBuildFile; fileRef = 5190FDA014A9DBFA387113B4 /* Pods_sibedge.framework */; };
/* End PBXBuildFile section */

/* Begin PBXContainerItemProxy section */
		D2992CB02051AC0C00043254 /* PBXContainerItemProxy */ = {
			isa = PBXContainerItemProxy;
			containerPortal = D2992C932051AC0C00043254 /* Project object */;
			proxyType = 1;
			remoteGlobalIDString = D2992C9A2051AC0C00043254;
			remoteInfo = sibedge;
		};
		D2992CBB2051AC0C00043254 /* PBXContainerItemProxy */ = {
			isa = PBXContainerItemProxy;
			containerPortal = D2992C932051AC0C00043254 /* Project object */;
			proxyType = 1;
			remoteGlobalIDString = D2992C9A2051AC0C00043254;
			remoteInfo = sibedge;
		};
/* End PBXContainerItemProxy section */

/* Begin PBXFileReference section */
		18CDCE894BF3E999D39CD8BA /* Pods-sibedge.release.xcconfig */ = {isa = PBXFileReference; includeInIndex = 1; lastKnownFileType = text.xcconfig; name = "Pods-sibedge.release.xcconfig"; path = "Pods/Target Support Files/Pods-sibedge/Pods-sibedge.release.xcconfig"; sourceTree = "<group>"; };
		2133DFDE6A963AAB7983CAB4 /* Pods_sibedgeUITests.framework */ = {isa = PBXFileReference; explicitFileType = wrapper.framework; includeInIndex = 0; path = Pods_sibedgeUITests.framework; sourceTree = BUILT_PRODUCTS_DIR; };
		3787484FB5037C67094D8C80 /* Pods_sibedgeTests.framework */ = {isa = PBXFileReference; explicitFileType = wrapper.framework; includeInIndex = 0; path = Pods_sibedgeTests.framework; sourceTree = BUILT_PRODUCTS_DIR; };
		5190FDA014A9DBFA387113B4 /* Pods_sibedge.framework */ = {isa = PBXFileReference; explicitFileType = wrapper.framework; includeInIndex = 0; path = Pods_sibedge.framework; sourceTree = BUILT_PRODUCTS_DIR; };
		62130B6466821EF1E7C0A4B1 /* Pods-sibedgeTests.release.xcconfig */ = {isa = PBXFileReference; includeInIndex = 1; lastKnownFileType = text.xcconfig; name = "Pods-sibedgeTests.release.xcconfig"; path = "Pods/Target Support Files/Pods-sibedgeTests/Pods-sibedgeTests.release.xcconfig"; sourceTree = "<group>"; };
		67518BA5F2A0868427AA16BC /* Pods-sibedgeUITests.release.xcconfig */ = {isa = PBXFileReference; includeInIndex = 1; lastKnownFileType = text.xcconfig; name = "Pods-sibedgeUITests.release.xcconfig"; path = "Pods/Target Support Files/Pods-sibedgeUITests/Pods-sibedgeUITests.release.xcconfig"; sourceTree = "<group>"; };
		A68015427F783737B5151F21 /* Pods-sibedgeUITests.debug.xcconfig */ = {isa = PBXFileReference; includeInIndex = 1; lastKnownFileType = text.xcconfig; name = "Pods-sibedgeUITests.debug.xcconfig"; path = "Pods/Target Support Files/Pods-sibedgeUITests/Pods-sibedgeUITests.debug.xcconfig"; sourceTree = "<group>"; };
		C1D2CAD9F40A5F92760375C4 /* Pods-sibedge.debug.xcconfig */ = {isa = PBXFileReference; includeInIndex = 1; lastKnownFileType = text.xcconfig; name = "Pods-sibedge.debug.xcconfig"; path = "Pods/Target Support Files/Pods-sibedge/Pods-sibedge.debug.xcconfig"; sourceTree = "<group>"; };
		CA9DD6D1174B53B57ADF6D8E /* Pods-sibedgeTests.debug.xcconfig */ = {isa = PBXFileReference; includeInIndex = 1; lastKnownFileType = text.xcconfig; name = "Pods-sibedgeTests.debug.xcconfig"; path = "Pods/Target Support Files/Pods-sibedgeTests/Pods-sibedgeTests.debug.xcconfig"; sourceTree = "<group>"; };
		D2992C9B2051AC0C00043254 /* sibedge.app */ = {isa = PBXFileReference; explicitFileType = wrapper.application; includeInIndex = 0; path = sibedge.app; sourceTree = BUILT_PRODUCTS_DIR; };
		D2992C9E2051AC0C00043254 /* AppDelegate.swift */ = {isa = PBXFileReference; lastKnownFileType = sourcecode.swift; path = AppDelegate.swift; sourceTree = "<group>"; };
		D2992CA02051AC0C00043254 /* RecipesViewController.swift */ = {isa = PBXFileReference; lastKnownFileType = sourcecode.swift; path = RecipesViewController.swift; sourceTree = "<group>"; };
		D2992CA32051AC0C00043254 /* Base */ = {isa = PBXFileReference; lastKnownFileType = file.storyboard; name = Base; path = Base.lproj/Main.storyboard; sourceTree = "<group>"; };
		D2992CA52051AC0C00043254 /* Assets.xcassets */ = {isa = PBXFileReference; lastKnownFileType = folder.assetcatalog; path = Assets.xcassets; sourceTree = "<group>"; };
		D2992CA82051AC0C00043254 /* Base */ = {isa = PBXFileReference; lastKnownFileType = file.storyboard; name = Base; path = Base.lproj/LaunchScreen.storyboard; sourceTree = "<group>"; };
		D2992CAA2051AC0C00043254 /* Info.plist */ = {isa = PBXFileReference; lastKnownFileType = text.plist.xml; path = Info.plist; sourceTree = "<group>"; };
		D2992CAF2051AC0C00043254 /* sibedgeTests.xctest */ = {isa = PBXFileReference; explicitFileType = wrapper.cfbundle; includeInIndex = 0; path = sibedgeTests.xctest; sourceTree = BUILT_PRODUCTS_DIR; };
		D2992CB32051AC0C00043254 /* sibedgeTests.swift */ = {isa = PBXFileReference; lastKnownFileType = sourcecode.swift; path = sibedgeTests.swift; sourceTree = "<group>"; };
		D2992CB52051AC0C00043254 /* Info.plist */ = {isa = PBXFileReference; lastKnownFileType = text.plist.xml; path = Info.plist; sourceTree = "<group>"; };
		D2992CBA2051AC0C00043254 /* sibedgeUITests.xctest */ = {isa = PBXFileReference; explicitFileType = wrapper.cfbundle; includeInIndex = 0; path = sibedgeUITests.xctest; sourceTree = BUILT_PRODUCTS_DIR; };
		D2992CBE2051AC0C00043254 /* sibedgeUITests.swift */ = {isa = PBXFileReference; lastKnownFileType = sourcecode.swift; path = sibedgeUITests.swift; sourceTree = "<group>"; };
		D2992CC02051AC0C00043254 /* Info.plist */ = {isa = PBXFileReference; lastKnownFileType = text.plist.xml; path = Info.plist; sourceTree = "<group>"; };
		D2992CD02051AF1D00043254 /* Recipe.swift */ = {isa = PBXFileReference; lastKnownFileType = sourcecode.swift; path = Recipe.swift; sourceTree = "<group>"; };
		D2992CD22051B22200043254 /* SibedgeService.swift */ = {isa = PBXFileReference; lastKnownFileType = sourcecode.swift; path = SibedgeService.swift; sourceTree = "<group>"; };
		D2992CD420527F1200043254 /* RecipesViewModel.swift */ = {isa = PBXFileReference; lastKnownFileType = sourcecode.swift; path = RecipesViewModel.swift; sourceTree = "<group>"; };
		D2992CD62052896300043254 /* RecipeCellTableViewCell.swift */ = {isa = PBXFileReference; lastKnownFileType = sourcecode.swift; path = RecipeCellTableViewCell.swift; sourceTree = "<group>"; };
		D2992CD82052E48400043254 /* RecipeDetailViewController.swift */ = {isa = PBXFileReference; lastKnownFileType = sourcecode.swift; path = RecipeDetailViewController.swift; sourceTree = "<group>"; };
		D2992CDB2052ED4100043254 /* RecipeViewModel.swift */ = {isa = PBXFileReference; lastKnownFileType = sourcecode.swift; path = RecipeViewModel.swift; sourceTree = "<group>"; };
/* End PBXFileReference section */

/* Begin PBXFrameworksBuildPhase section */
		D2992C982051AC0C00043254 /* Frameworks */ = {
			isa = PBXFrameworksBuildPhase;
			buildActionMask = 2147483647;
			files = (
				E2AD3DD2ABD4BC731223054F /* Pods_sibedge.framework in Frameworks */,
			);
			runOnlyForDeploymentPostprocessing = 0;
		};
		D2992CAC2051AC0C00043254 /* Frameworks */ = {
			isa = PBXFrameworksBuildPhase;
			buildActionMask = 2147483647;
			files = (
				5BEB349C360A3956C01F0A46 /* Pods_sibedgeTests.framework in Frameworks */,
			);
			runOnlyForDeploymentPostprocessing = 0;
		};
		D2992CB72051AC0C00043254 /* Frameworks */ = {
			isa = PBXFrameworksBuildPhase;
			buildActionMask = 2147483647;
			files = (
				DD426644BEC6560BBDB00E7C /* Pods_sibedgeUITests.framework in Frameworks */,
			);
			runOnlyForDeploymentPostprocessing = 0;
		};
/* End PBXFrameworksBuildPhase section */

/* Begin PBXGroup section */
		5F0AF9E0FDE26948D45A24E6 /* Frameworks */ = {
			isa = PBXGroup;
			children = (
				5190FDA014A9DBFA387113B4 /* Pods_sibedge.framework */,
				3787484FB5037C67094D8C80 /* Pods_sibedgeTests.framework */,
				2133DFDE6A963AAB7983CAB4 /* Pods_sibedgeUITests.framework */,
			);
			name = Frameworks;
			sourceTree = "<group>";
		};
		69CD95C64278DDE8F3C0A552 /* Pods */ = {
			isa = PBXGroup;
			children = (
				C1D2CAD9F40A5F92760375C4 /* Pods-sibedge.debug.xcconfig */,
				18CDCE894BF3E999D39CD8BA /* Pods-sibedge.release.xcconfig */,
				CA9DD6D1174B53B57ADF6D8E /* Pods-sibedgeTests.debug.xcconfig */,
				62130B6466821EF1E7C0A4B1 /* Pods-sibedgeTests.release.xcconfig */,
				A68015427F783737B5151F21 /* Pods-sibedgeUITests.debug.xcconfig */,
				67518BA5F2A0868427AA16BC /* Pods-sibedgeUITests.release.xcconfig */,
			);
			name = Pods;
			sourceTree = "<group>";
		};
		D2992C922051AC0C00043254 = {
			isa = PBXGroup;
			children = (
				D2992C9D2051AC0C00043254 /* sibedge */,
				D2992CB22051AC0C00043254 /* sibedgeTests */,
				D2992CBD2051AC0C00043254 /* sibedgeUITests */,
				D2992C9C2051AC0C00043254 /* Products */,
				69CD95C64278DDE8F3C0A552 /* Pods */,
				5F0AF9E0FDE26948D45A24E6 /* Frameworks */,
			);
			sourceTree = "<group>";
		};
		D2992C9C2051AC0C00043254 /* Products */ = {
			isa = PBXGroup;
			children = (
				D2992C9B2051AC0C00043254 /* sibedge.app */,
				D2992CAF2051AC0C00043254 /* sibedgeTests.xctest */,
				D2992CBA2051AC0C00043254 /* sibedgeUITests.xctest */,
			);
			name = Products;
			sourceTree = "<group>";
		};
		D2992C9D2051AC0C00043254 /* sibedge */ = {
			isa = PBXGroup;
			children = (
				D2992CCF2051AD7100043254 /* view */,
				D2992CCE2051AD2100043254 /* vewmodel */,
				D2992CCD2051AD1400043254 /* model */,
				D2992CCC2051ACCF00043254 /* services */,
				D2992C9E2051AC0C00043254 /* AppDelegate.swift */,
				D2992CA22051AC0C00043254 /* Main.storyboard */,
				D2992CA52051AC0C00043254 /* Assets.xcassets */,
				D2992CA72051AC0C00043254 /* LaunchScreen.storyboard */,
				D2992CAA2051AC0C00043254 /* Info.plist */,
			);
			path = sibedge;
			sourceTree = "<group>";
		};
		D2992CB22051AC0C00043254 /* sibedgeTests */ = {
			isa = PBXGroup;
			children = (
				D2992CB32051AC0C00043254 /* sibedgeTests.swift */,
				D2992CB52051AC0C00043254 /* Info.plist */,
			);
			path = sibedgeTests;
			sourceTree = "<group>";
		};
		D2992CBD2051AC0C00043254 /* sibedgeUITests */ = {
			isa = PBXGroup;
			children = (
				D2992CBE2051AC0C00043254 /* sibedgeUITests.swift */,
				D2992CC02051AC0C00043254 /* Info.plist */,
			);
			path = sibedgeUITests;
			sourceTree = "<group>";
		};
		D2992CCC2051ACCF00043254 /* services */ = {
			isa = PBXGroup;
			children = (
				D2992CD22051B22200043254 /* SibedgeService.swift */,
			);
			path = services;
			sourceTree = "<group>";
		};
		D2992CCD2051AD1400043254 /* model */ = {
			isa = PBXGroup;
			children = (
				D2992CD02051AF1D00043254 /* Recipe.swift */,
			);
			path = model;
			sourceTree = "<group>";
		};
		D2992CCE2051AD2100043254 /* vewmodel */ = {
			isa = PBXGroup;
			children = (
				D2992CD420527F1200043254 /* RecipesViewModel.swift */,
				D2992CDB2052ED4100043254 /* RecipeViewModel.swift */,
			);
			path = vewmodel;
			sourceTree = "<group>";
		};
		D2992CCF2051AD7100043254 /* view */ = {
			isa = PBXGroup;
			children = (
				D2992CA02051AC0C00043254 /* RecipesViewController.swift */,
				D2992CD62052896300043254 /* RecipeCellTableViewCell.swift */,
				D2992CD82052E48400043254 /* RecipeDetailViewController.swift */,
			);
			path = view;
			sourceTree = "<group>";
		};
/* End PBXGroup section */

/* Begin PBXNativeTarget section */
		D2992C9A2051AC0C00043254 /* sibedge */ = {
			isa = PBXNativeTarget;
			buildConfigurationList = D2992CC32051AC0C00043254 /* Build configuration list for PBXNativeTarget "sibedge" */;
			buildPhases = (
				89A425F21459646EA93B4B63 /* [CP] Check Pods Manifest.lock */,
				D2992C972051AC0C00043254 /* Sources */,
				D2992C982051AC0C00043254 /* Frameworks */,
				D2992C992051AC0C00043254 /* Resources */,
				AE9B1D5EFA20E4632B039465 /* [CP] Embed Pods Frameworks */,
				AF8F8BB1462C5CBE20EBA537 /* [CP] Copy Pods Resources */,
			);
			buildRules = (
			);
			dependencies = (
			);
			name = sibedge;
			productName = sibedge;
			productReference = D2992C9B2051AC0C00043254 /* sibedge.app */;
			productType = "com.apple.product-type.application";
		};
		D2992CAE2051AC0C00043254 /* sibedgeTests */ = {
			isa = PBXNativeTarget;
			buildConfigurationList = D2992CC62051AC0C00043254 /* Build configuration list for PBXNativeTarget "sibedgeTests" */;
			buildPhases = (
				9AD64FF08018D1F1FC949C03 /* [CP] Check Pods Manifest.lock */,
				D2992CAB2051AC0C00043254 /* Sources */,
				D2992CAC2051AC0C00043254 /* Frameworks */,
				D2992CAD2051AC0C00043254 /* Resources */,
				D96A1CF817A39A9BF634EC87 /* [CP] Embed Pods Frameworks */,
				B5DA84A01BE1DFC1CE03B185 /* [CP] Copy Pods Resources */,
			);
			buildRules = (
			);
			dependencies = (
				D2992CB12051AC0C00043254 /* PBXTargetDependency */,
			);
			name = sibedgeTests;
			productName = sibedgeTests;
			productReference = D2992CAF2051AC0C00043254 /* sibedgeTests.xctest */;
			productType = "com.apple.product-type.bundle.unit-test";
		};
		D2992CB92051AC0C00043254 /* sibedgeUITests */ = {
			isa = PBXNativeTarget;
			buildConfigurationList = D2992CC92051AC0C00043254 /* Build configuration list for PBXNativeTarget "sibedgeUITests" */;
			buildPhases = (
				591F1D3028C1F990C2EA237E /* [CP] Check Pods Manifest.lock */,
				D2992CB62051AC0C00043254 /* Sources */,
				D2992CB72051AC0C00043254 /* Frameworks */,
				D2992CB82051AC0C00043254 /* Resources */,
				55078E5C5B5866E33D074155 /* [CP] Embed Pods Frameworks */,
				80BF3B20DBC1CA0A04E7BD49 /* [CP] Copy Pods Resources */,
			);
			buildRules = (
			);
			dependencies = (
				D2992CBC2051AC0C00043254 /* PBXTargetDependency */,
			);
			name = sibedgeUITests;
			productName = sibedgeUITests;
			productReference = D2992CBA2051AC0C00043254 /* sibedgeUITests.xctest */;
			productType = "com.apple.product-type.bundle.ui-testing";
		};
/* End PBXNativeTarget section */

/* Begin PBXProject section */
		D2992C932051AC0C00043254 /* Project object */ = {
			isa = PBXProject;
			attributes = {
				LastSwiftUpdateCheck = 0920;
				LastUpgradeCheck = 0920;
				ORGANIZATIONNAME = merryweater;
				TargetAttributes = {
					D2992C9A2051AC0C00043254 = {
						CreatedOnToolsVersion = 9.2;
						ProvisioningStyle = Automatic;
					};
					D2992CAE2051AC0C00043254 = {
						CreatedOnToolsVersion = 9.2;
						ProvisioningStyle = Automatic;
						TestTargetID = D2992C9A2051AC0C00043254;
					};
					D2992CB92051AC0C00043254 = {
						CreatedOnToolsVersion = 9.2;
						ProvisioningStyle = Automatic;
						TestTargetID = D2992C9A2051AC0C00043254;
					};
				};
			};
			buildConfigurationList = D2992C962051AC0C00043254 /* Build configuration list for PBXProject "sibedge" */;
			compatibilityVersion = "Xcode 8.0";
			developmentRegion = en;
			hasScannedForEncodings = 0;
			knownRegions = (
				en,
				Base,
			);
			mainGroup = D2992C922051AC0C00043254;
			productRefGroup = D2992C9C2051AC0C00043254 /* Products */;
			projectDirPath = "";
			projectRoot = "";
			targets = (
				D2992C9A2051AC0C00043254 /* sibedge */,
				D2992CAE2051AC0C00043254 /* sibedgeTests */,
				D2992CB92051AC0C00043254 /* sibedgeUITests */,
			);
		};
/* End PBXProject section */

/* Begin PBXResourcesBuildPhase section */
		D2992C992051AC0C00043254 /* Resources */ = {
			isa = PBXResourcesBuildPhase;
			buildActionMask = 2147483647;
			files = (
				D2992CA92051AC0C00043254 /* LaunchScreen.storyboard in Resources */,
				D2992CA62051AC0C00043254 /* Assets.xcassets in Resources */,
				D2992CA42051AC0C00043254 /* Main.storyboard in Resources */,
			);
			runOnlyForDeploymentPostprocessing = 0;
		};
		D2992CAD2051AC0C00043254 /* Resources */ = {
			isa = PBXResourcesBuildPhase;
			buildActionMask = 2147483647;
			files = (
			);
			runOnlyForDeploymentPostprocessing = 0;
		};
		D2992CB82051AC0C00043254 /* Resources */ = {
			isa = PBXResourcesBuildPhase;
			buildActionMask = 2147483647;
			files = (
			);
			runOnlyForDeploymentPostprocessing = 0;
		};
/* End PBXResourcesBuildPhase section */

/* Begin PBXShellScriptBuildPhase section */
		55078E5C5B5866E33D074155 /* [CP] Embed Pods Frameworks */ = {
			isa = PBXShellScriptBuildPhase;
			buildActionMask = 2147483647;
			files = (
			);
			inputPaths = (
			);
			name = "[CP] Embed Pods Frameworks";
			outputPaths = (
			);
			runOnlyForDeploymentPostprocessing = 0;
			shellPath = /bin/sh;
			shellScript = "\"${SRCROOT}/Pods/Target Support Files/Pods-sibedgeUITests/Pods-sibedgeUITests-frameworks.sh\"\n";
			showEnvVarsInLog = 0;
		};
		591F1D3028C1F990C2EA237E /* [CP] Check Pods Manifest.lock */ = {
			isa = PBXShellScriptBuildPhase;
			buildActionMask = 2147483647;
			files = (
			);
			inputPaths = (
				"${PODS_PODFILE_DIR_PATH}/Podfile.lock",
				"${PODS_ROOT}/Manifest.lock",
			);
			name = "[CP] Check Pods Manifest.lock";
			outputPaths = (
				"$(DERIVED_FILE_DIR)/Pods-sibedgeUITests-checkManifestLockResult.txt",
			);
			runOnlyForDeploymentPostprocessing = 0;
			shellPath = /bin/sh;
			shellScript = "diff \"${PODS_PODFILE_DIR_PATH}/Podfile.lock\" \"${PODS_ROOT}/Manifest.lock\" > /dev/null\nif [ $? != 0 ] ; then\n    # print error to STDERR\n    echo \"error: The sandbox is not in sync with the Podfile.lock. Run 'pod install' or update your CocoaPods installation.\" >&2\n    exit 1\nfi\n# This output is used by Xcode 'outputs' to avoid re-running this script phase.\necho \"SUCCESS\" > \"${SCRIPT_OUTPUT_FILE_0}\"\n";
			showEnvVarsInLog = 0;
		};
		80BF3B20DBC1CA0A04E7BD49 /* [CP] Copy Pods Resources */ = {
			isa = PBXShellScriptBuildPhase;
			buildActionMask = 2147483647;
			files = (
			);
			inputPaths = (
			);
			name = "[CP] Copy Pods Resources";
			outputPaths = (
			);
			runOnlyForDeploymentPostprocessing = 0;
			shellPath = /bin/sh;
			shellScript = "\"${SRCROOT}/Pods/Target Support Files/Pods-sibedgeUITests/Pods-sibedgeUITests-resources.sh\"\n";
			showEnvVarsInLog = 0;
		};
		89A425F21459646EA93B4B63 /* [CP] Check Pods Manifest.lock */ = {
			isa = PBXShellScriptBuildPhase;
			buildActionMask = 2147483647;
			files = (
			);
			inputPaths = (
				"${PODS_PODFILE_DIR_PATH}/Podfile.lock",
				"${PODS_ROOT}/Manifest.lock",
			);
			name = "[CP] Check Pods Manifest.lock";
			outputPaths = (
				"$(DERIVED_FILE_DIR)/Pods-sibedge-checkManifestLockResult.txt",
			);
			runOnlyForDeploymentPostprocessing = 0;
			shellPath = /bin/sh;
			shellScript = "diff \"${PODS_PODFILE_DIR_PATH}/Podfile.lock\" \"${PODS_ROOT}/Manifest.lock\" > /dev/null\nif [ $? != 0 ] ; then\n    # print error to STDERR\n    echo \"error: The sandbox is not in sync with the Podfile.lock. Run 'pod install' or update your CocoaPods installation.\" >&2\n    exit 1\nfi\n# This output is used by Xcode 'outputs' to avoid re-running this script phase.\necho \"SUCCESS\" > \"${SCRIPT_OUTPUT_FILE_0}\"\n";
			showEnvVarsInLog = 0;
		};
		9AD64FF08018D1F1FC949C03 /* [CP] Check Pods Manifest.lock */ = {
			isa = PBXShellScriptBuildPhase;
			buildActionMask = 2147483647;
			files = (
			);
			inputPaths = (
				"${PODS_PODFILE_DIR_PATH}/Podfile.lock",
				"${PODS_ROOT}/Manifest.lock",
			);
			name = "[CP] Check Pods Manifest.lock";
			outputPaths = (
				"$(DERIVED_FILE_DIR)/Pods-sibedgeTests-checkManifestLockResult.txt",
			);
			runOnlyForDeploymentPostprocessing = 0;
			shellPath = /bin/sh;
			shellScript = "diff \"${PODS_PODFILE_DIR_PATH}/Podfile.lock\" \"${PODS_ROOT}/Manifest.lock\" > /dev/null\nif [ $? != 0 ] ; then\n    # print error to STDERR\n    echo \"error: The sandbox is not in sync with the Podfile.lock. Run 'pod install' or update your CocoaPods installation.\" >&2\n    exit 1\nfi\n# This output is used by Xcode 'outputs' to avoid re-running this script phase.\necho \"SUCCESS\" > \"${SCRIPT_OUTPUT_FILE_0}\"\n";
			showEnvVarsInLog = 0;
		};
		AE9B1D5EFA20E4632B039465 /* [CP] Embed Pods Frameworks */ = {
			isa = PBXShellScriptBuildPhase;
			buildActionMask = 2147483647;
			files = (
			);
			inputPaths = (
				"${SRCROOT}/Pods/Target Support Files/Pods-sibedge/Pods-sibedge-frameworks.sh",
				"${BUILT_PRODUCTS_DIR}/Alamofire/Alamofire.framework",
				"${BUILT_PRODUCTS_DIR}/ImageSlideshow/ImageSlideshow.framework",
				"${BUILT_PRODUCTS_DIR}/Kingfisher/Kingfisher.framework",
				"${BUILT_PRODUCTS_DIR}/RxAlamofire/RxAlamofire.framework",
				"${BUILT_PRODUCTS_DIR}/RxCocoa/RxCocoa.framework",
				"${BUILT_PRODUCTS_DIR}/RxSwift/RxSwift.framework",
			);
			name = "[CP] Embed Pods Frameworks";
			outputPaths = (
				"${TARGET_BUILD_DIR}/${FRAMEWORKS_FOLDER_PATH}/Alamofire.framework",
				"${TARGET_BUILD_DIR}/${FRAMEWORKS_FOLDER_PATH}/ImageSlideshow.framework",
				"${TARGET_BUILD_DIR}/${FRAMEWORKS_FOLDER_PATH}/Kingfisher.framework",
				"${TARGET_BUILD_DIR}/${FRAMEWORKS_FOLDER_PATH}/RxAlamofire.framework",
				"${TARGET_BUILD_DIR}/${FRAMEWORKS_FOLDER_PATH}/RxCocoa.framework",
				"${TARGET_BUILD_DIR}/${FRAMEWORKS_FOLDER_PATH}/RxSwift.framework",
			);
			runOnlyForDeploymentPostprocessing = 0;
			shellPath = /bin/sh;
			shellScript = "\"${SRCROOT}/Pods/Target Support Files/Pods-sibedge/Pods-sibedge-frameworks.sh\"\n";
			showEnvVarsInLog = 0;
		};
		AF8F8BB1462C5CBE20EBA537 /* [CP] Copy Pods Resources */ = {
			isa = PBXShellScriptBuildPhase;
			buildActionMask = 2147483647;
			files = (
			);
			inputPaths = (
			);
			name = "[CP] Copy Pods Resources";
			outputPaths = (
			);
			runOnlyForDeploymentPostprocessing = 0;
			shellPath = /bin/sh;
			shellScript = "\"${SRCROOT}/Pods/Target Support Files/Pods-sibedge/Pods-sibedge-resources.sh\"\n";
			showEnvVarsInLog = 0;
		};
		B5DA84A01BE1DFC1CE03B185 /* [CP] Copy Pods Resources */ = {
			isa = PBXShellScriptBuildPhase;
			buildActionMask = 2147483647;
			files = (
			);
			inputPaths = (
			);
			name = "[CP] Copy Pods Resources";
			outputPaths = (
			);
			runOnlyForDeploymentPostprocessing = 0;
			shellPath = /bin/sh;
			shellScript = "\"${SRCROOT}/Pods/Target Support Files/Pods-sibedgeTests/Pods-sibedgeTests-resources.sh\"\n";
			showEnvVarsInLog = 0;
		};
		D96A1CF817A39A9BF634EC87 /* [CP] Embed Pods Frameworks */ = {
			isa = PBXShellScriptBuildPhase;
			buildActionMask = 2147483647;
			files = (
			);
			inputPaths = (
			);
			name = "[CP] Embed Pods Frameworks";
			outputPaths = (
			);
			runOnlyForDeploymentPostprocessing = 0;
			shellPath = /bin/sh;
			shellScript = "\"${SRCROOT}/Pods/Target Support Files/Pods-sibedgeTests/Pods-sibedgeTests-frameworks.sh\"\n";
			showEnvVarsInLog = 0;
		};
/* End PBXShellScriptBuildPhase section */

/* Begin PBXSourcesBuildPhase section */
		D2992C972051AC0C00043254 /* Sources */ = {
			isa = PBXSourcesBuildPhase;
			buildActionMask = 2147483647;
			files = (
				D2992CD12051AF1D00043254 /* Recipe.swift in Sources */,
				D2992CA12051AC0C00043254 /* RecipesViewController.swift in Sources */,
				D2992CD92052E48500043254 /* RecipeDetailViewController.swift in Sources */,
				D2992CD520527F1200043254 /* RecipesViewModel.swift in Sources */,
				D2992CDC2052ED4100043254 /* RecipeViewModel.swift in Sources */,
				D2992C9F2051AC0C00043254 /* AppDelegate.swift in Sources */,
				D2992CD32051B22200043254 /* SibedgeService.swift in Sources */,
				D2992CD72052896300043254 /* RecipeCellTableViewCell.swift in Sources */,
			);
			runOnlyForDeploymentPostprocessing = 0;
		};
		D2992CAB2051AC0C00043254 /* Sources */ = {
			isa = PBXSourcesBuildPhase;
			buildActionMask = 2147483647;
			files = (
				D2992CB42051AC0C00043254 /* sibedgeTests.swift in Sources */,
			);
			runOnlyForDeploymentPostprocessing = 0;
		};
		D2992CB62051AC0C00043254 /* Sources */ = {
			isa = PBXSourcesBuildPhase;
			buildActionMask = 2147483647;
			files = (
				D2992CBF2051AC0C00043254 /* sibedgeUITests.swift in Sources */,
			);
			runOnlyForDeploymentPostprocessing = 0;
		};
/* End PBXSourcesBuildPhase section */

/* Begin PBXTargetDependency section */
		D2992CB12051AC0C00043254 /* PBXTargetDependency */ = {
			isa = PBXTargetDependency;
			target = D2992C9A2051AC0C00043254 /* sibedge */;
			targetProxy = D2992CB02051AC0C00043254 /* PBXContainerItemProxy */;
		};
		D2992CBC2051AC0C00043254 /* PBXTargetDependency */ = {
			isa = PBXTargetDependency;
			target = D2992C9A2051AC0C00043254 /* sibedge */;
			targetProxy = D2992CBB2051AC0C00043254 /* PBXContainerItemProxy */;
		};
/* End PBXTargetDependency section */

/* Begin PBXVariantGroup section */
		D2992CA22051AC0C00043254 /* Main.storyboard */ = {
			isa = PBXVariantGroup;
			children = (
				D2992CA32051AC0C00043254 /* Base */,
			);
			name = Main.storyboard;
			sourceTree = "<group>";
		};
		D2992CA72051AC0C00043254 /* LaunchScreen.storyboard */ = {
			isa = PBXVariantGroup;
			children = (
				D2992CA82051AC0C00043254 /* Base */,
			);
			name = LaunchScreen.storyboard;
			sourceTree = "<group>";
		};
/* End PBXVariantGroup section */

/* Begin XCBuildConfiguration section */
		D2992CC12051AC0C00043254 /* Debug */ = {
			isa = XCBuildConfiguration;
			buildSettings = {
				ALWAYS_SEARCH_USER_PATHS = NO;
				CLANG_ANALYZER_NONNULL = YES;
				CLANG_ANALYZER_NUMBER_OBJECT_CONVERSION = YES_AGGRESSIVE;
				CLANG_CXX_LANGUAGE_STANDARD = "gnu++14";
				CLANG_CXX_LIBRARY = "libc++";
				CLANG_ENABLE_MODULES = YES;
				CLANG_ENABLE_OBJC_ARC = YES;
				CLANG_WARN_BLOCK_CAPTURE_AUTORELEASING = YES;
				CLANG_WARN_BOOL_CONVERSION = YES;
				CLANG_WARN_COMMA = YES;
				CLANG_WARN_CONSTANT_CONVERSION = YES;
				CLANG_WARN_DIRECT_OBJC_ISA_USAGE = YES_ERROR;
				CLANG_WARN_DOCUMENTATION_COMMENTS = YES;
				CLANG_WARN_EMPTY_BODY = YES;
				CLANG_WARN_ENUM_CONVERSION = YES;
				CLANG_WARN_INFINITE_RECURSION = YES;
				CLANG_WARN_INT_CONVERSION = YES;
				CLANG_WARN_NON_LITERAL_NULL_CONVERSION = YES;
				CLANG_WARN_OBJC_LITERAL_CONVERSION = YES;
				CLANG_WARN_OBJC_ROOT_CLASS = YES_ERROR;
				CLANG_WARN_RANGE_LOOP_ANALYSIS = YES;
				CLANG_WARN_STRICT_PROTOTYPES = YES;
				CLANG_WARN_SUSPICIOUS_MOVE = YES;
				CLANG_WARN_UNGUARDED_AVAILABILITY = YES_AGGRESSIVE;
				CLANG_WARN_UNREACHABLE_CODE = YES;
				CLANG_WARN__DUPLICATE_METHOD_MATCH = YES;
				CODE_SIGN_IDENTITY = "iPhone Developer";
				COPY_PHASE_STRIP = NO;
				DEBUG_INFORMATION_FORMAT = dwarf;
				ENABLE_STRICT_OBJC_MSGSEND = YES;
				ENABLE_TESTABILITY = YES;
				GCC_C_LANGUAGE_STANDARD = gnu11;
				GCC_DYNAMIC_NO_PIC = NO;
				GCC_NO_COMMON_BLOCKS = YES;
				GCC_OPTIMIZATION_LEVEL = 0;
				GCC_PREPROCESSOR_DEFINITIONS = (
					"DEBUG=1",
					"$(inherited)",
				);
				GCC_WARN_64_TO_32_BIT_CONVERSION = YES;
				GCC_WARN_ABOUT_RETURN_TYPE = YES_ERROR;
				GCC_WARN_UNDECLARED_SELECTOR = YES;
				GCC_WARN_UNINITIALIZED_AUTOS = YES_AGGRESSIVE;
				GCC_WARN_UNUSED_FUNCTION = YES;
				GCC_WARN_UNUSED_VARIABLE = YES;
				IPHONEOS_DEPLOYMENT_TARGET = 11.2;
				MTL_ENABLE_DEBUG_INFO = YES;
				ONLY_ACTIVE_ARCH = YES;
				SDKROOT = iphoneos;
				SWIFT_ACTIVE_COMPILATION_CONDITIONS = DEBUG;
				SWIFT_OPTIMIZATION_LEVEL = "-Onone";
			};
			name = Debug;
		};
		D2992CC22051AC0C00043254 /* Release */ = {
			isa = XCBuildConfiguration;
			buildSettings = {
				ALWAYS_SEARCH_USER_PATHS = NO;
				CLANG_ANALYZER_NONNULL = YES;
				CLANG_ANALYZER_NUMBER_OBJECT_CONVERSION = YES_AGGRESSIVE;
				CLANG_CXX_LANGUAGE_STANDARD = "gnu++14";
				CLANG_CXX_LIBRARY = "libc++";
				CLANG_ENABLE_MODULES = YES;
				CLANG_ENABLE_OBJC_ARC = YES;
				CLANG_WARN_BLOCK_CAPTURE_AUTORELEASING = YES;
				CLANG_WARN_BOOL_CONVERSION = YES;
				CLANG_WARN_COMMA = YES;
				CLANG_WARN_CONSTANT_CONVERSION = YES;
				CLANG_WARN_DIRECT_OBJC_ISA_USAGE = YES_ERROR;
				CLANG_WARN_DOCUMENTATION_COMMENTS = YES;
				CLANG_WARN_EMPTY_BODY = YES;
				CLANG_WARN_ENUM_CONVERSION = YES;
				CLANG_WARN_INFINITE_RECURSION = YES;
				CLANG_WARN_INT_CONVERSION = YES;
				CLANG_WARN_NON_LITERAL_NULL_CONVERSION = YES;
				CLANG_WARN_OBJC_LITERAL_CONVERSION = YES;
				CLANG_WARN_OBJC_ROOT_CLASS = YES_ERROR;
				CLANG_WARN_RANGE_LOOP_ANALYSIS = YES;
				CLANG_WARN_STRICT_PROTOTYPES = YES;
				CLANG_WARN_SUSPICIOUS_MOVE = YES;
				CLANG_WARN_UNGUARDED_AVAILABILITY = YES_AGGRESSIVE;
				CLANG_WARN_UNREACHABLE_CODE = YES;
				CLANG_WARN__DUPLICATE_METHOD_MATCH = YES;
				CODE_SIGN_IDENTITY = "iPhone Developer";
				COPY_PHASE_STRIP = NO;
				DEBUG_INFORMATION_FORMAT = "dwarf-with-dsym";
				ENABLE_NS_ASSERTIONS = NO;
				ENABLE_STRICT_OBJC_MSGSEND = YES;
				GCC_C_LANGUAGE_STANDARD = gnu11;
				GCC_NO_COMMON_BLOCKS = YES;
				GCC_WARN_64_TO_32_BIT_CONVERSION = YES;
				GCC_WARN_ABOUT_RETURN_TYPE = YES_ERROR;
				GCC_WARN_UNDECLARED_SELECTOR = YES;
				GCC_WARN_UNINITIALIZED_AUTOS = YES_AGGRESSIVE;
				GCC_WARN_UNUSED_FUNCTION = YES;
				GCC_WARN_UNUSED_VARIABLE = YES;
				IPHONEOS_DEPLOYMENT_TARGET = 11.2;
				MTL_ENABLE_DEBUG_INFO = NO;
				SDKROOT = iphoneos;
				SWIFT_OPTIMIZATION_LEVEL = "-Owholemodule";
				VALIDATE_PRODUCT = YES;
			};
			name = Release;
		};
		D2992CC42051AC0C00043254 /* Debug */ = {
			isa = XCBuildConfiguration;
			baseConfigurationReference = C1D2CAD9F40A5F92760375C4 /* Pods-sibedge.debug.xcconfig */;
			buildSettings = {
				ASSETCATALOG_COMPILER_APPICON_NAME = AppIcon;
				CODE_SIGN_STYLE = Automatic;
				INFOPLIST_FILE = sibedge/Info.plist;
				LD_RUNPATH_SEARCH_PATHS = "$(inherited) @executable_path/Frameworks";
				PRODUCT_BUNDLE_IDENTIFIER = merryweater.sibedge;
				PRODUCT_NAME = "$(TARGET_NAME)";
				SWIFT_VERSION = 4.0;
				TARGETED_DEVICE_FAMILY = "1,2";
			};
			name = Debug;
		};
		D2992CC52051AC0C00043254 /* Release */ = {
			isa = XCBuildConfiguration;
			baseConfigurationReference = 18CDCE894BF3E999D39CD8BA /* Pods-sibedge.release.xcconfig */;
			buildSettings = {
				ASSETCATALOG_COMPILER_APPICON_NAME = AppIcon;
				CODE_SIGN_STYLE = Automatic;
				INFOPLIST_FILE = sibedge/Info.plist;
				LD_RUNPATH_SEARCH_PATHS = "$(inherited) @executable_path/Frameworks";
				PRODUCT_BUNDLE_IDENTIFIER = merryweater.sibedge;
				PRODUCT_NAME = "$(TARGET_NAME)";
				SWIFT_VERSION = 4.0;
				TARGETED_DEVICE_FAMILY = "1,2";
			};
			name = Release;
		};
		D2992CC72051AC0C00043254 /* Debug */ = {
			isa = XCBuildConfiguration;
			baseConfigurationReference = CA9DD6D1174B53B57ADF6D8E /* Pods-sibedgeTests.debug.xcconfig */;
			buildSettings = {
				ALWAYS_EMBED_SWIFT_STANDARD_LIBRARIES = YES;
				BUNDLE_LOADER = "$(TEST_HOST)";
				CODE_SIGN_STYLE = Automatic;
				INFOPLIST_FILE = sibedgeTests/Info.plist;
				LD_RUNPATH_SEARCH_PATHS = "$(inherited) @executable_path/Frameworks @loader_path/Frameworks";
				PRODUCT_BUNDLE_IDENTIFIER = merryweater.sibedgeTests;
				PRODUCT_NAME = "$(TARGET_NAME)";
				SWIFT_VERSION = 4.0;
				TARGETED_DEVICE_FAMILY = "1,2";
				TEST_HOST = "$(BUILT_PRODUCTS_DIR)/sibedge.app/sibedge";
			};
			name = Debug;
		};
		D2992CC82051AC0C00043254 /* Release */ = {
			isa = XCBuildConfiguration;
			baseConfigurationReference = 62130B6466821EF1E7C0A4B1 /* Pods-sibedgeTests.release.xcconfig */;
			buildSettings = {
				ALWAYS_EMBED_SWIFT_STANDARD_LIBRARIES = YES;
				BUNDLE_LOADER = "$(TEST_HOST)";
				CODE_SIGN_STYLE = Automatic;
				INFOPLIST_FILE = sibedgeTests/Info.plist;
				LD_RUNPATH_SEARCH_PATHS = "$(inherited) @executable_path/Frameworks @loader_path/Frameworks";
				PRODUCT_BUNDLE_IDENTIFIER = merryweater.sibedgeTests;
				PRODUCT_NAME = "$(TARGET_NAME)";
				SWIFT_VERSION = 4.0;
				TARGETED_DEVICE_FAMILY = "1,2";
				TEST_HOST = "$(BUILT_PRODUCTS_DIR)/sibedge.app/sibedge";
			};
			name = Release;
		};
		D2992CCA2051AC0C00043254 /* Debug */ = {
			isa = XCBuildConfiguration;
			baseConfigurationReference = A68015427F783737B5151F21 /* Pods-sibedgeUITests.debug.xcconfig */;
			buildSettings = {
				ALWAYS_EMBED_SWIFT_STANDARD_LIBRARIES = YES;
				CODE_SIGN_STYLE = Automatic;
				INFOPLIST_FILE = sibedgeUITests/Info.plist;
				LD_RUNPATH_SEARCH_PATHS = "$(inherited) @executable_path/Frameworks @loader_path/Frameworks";
				PRODUCT_BUNDLE_IDENTIFIER = merryweater.sibedgeUITests;
				PRODUCT_NAME = "$(TARGET_NAME)";
				SWIFT_VERSION = 4.0;
				TARGETED_DEVICE_FAMILY = "1,2";
				TEST_TARGET_NAME = sibedge;
			};
			name = Debug;
		};
		D2992CCB2051AC0C00043254 /* Release */ = {
			isa = XCBuildConfiguration;
			baseConfigurationReference = 67518BA5F2A0868427AA16BC /* Pods-sibedgeUITests.release.xcconfig */;
			buildSettings = {
				ALWAYS_EMBED_SWIFT_STANDARD_LIBRARIES = YES;
				CODE_SIGN_STYLE = Automatic;
				INFOPLIST_FILE = sibedgeUITests/Info.plist;
				LD_RUNPATH_SEARCH_PATHS = "$(inherited) @executable_path/Frameworks @loader_path/Frameworks";
				PRODUCT_BUNDLE_IDENTIFIER = merryweater.sibedgeUITests;
				PRODUCT_NAME = "$(TARGET_NAME)";
				SWIFT_VERSION = 4.0;
				TARGETED_DEVICE_FAMILY = "1,2";
				TEST_TARGET_NAME = sibedge;
			};
			name = Release;
		};
/* End XCBuildConfiguration section */

/* Begin XCConfigurationList section */
		D2992C962051AC0C00043254 /* Build configuration list for PBXProject "sibedge" */ = {
			isa = XCConfigurationList;
			buildConfigurations = (
				D2992CC12051AC0C00043254 /* Debug */,
				D2992CC22051AC0C00043254 /* Release */,
			);
			defaultConfigurationIsVisible = 0;
			defaultConfigurationName = Release;
		};
		D2992CC32051AC0C00043254 /* Build configuration list for PBXNativeTarget "sibedge" */ = {
			isa = XCConfigurationList;
			buildConfigurations = (
				D2992CC42051AC0C00043254 /* Debug */,
				D2992CC52051AC0C00043254 /* Release */,
			);
			defaultConfigurationIsVisible = 0;
			defaultConfigurationName = Release;
		};
		D2992CC62051AC0C00043254 /* Build configuration list for PBXNativeTarget "sibedgeTests" */ = {
			isa = XCConfigurationList;
			buildConfigurations = (
				D2992CC72051AC0C00043254 /* Debug */,
				D2992CC82051AC0C00043254 /* Release */,
			);
			defaultConfigurationIsVisible = 0;
			defaultConfigurationName = Release;
		};
		D2992CC92051AC0C00043254 /* Build configuration list for PBXNativeTarget "sibedgeUITests" */ = {
			isa = XCConfigurationList;
			buildConfigurations = (
				D2992CCA2051AC0C00043254 /* Debug */,
				D2992CCB2051AC0C00043254 /* Release */,
			);
			defaultConfigurationIsVisible = 0;
			defaultConfigurationName = Release;
		};
/* End XCConfigurationList section */
	};
	rootObject = D2992C932051AC0C00043254 /* Project object */;
}
